// !$*UTF8*$!
{
	archiveVersion = 1;
	classes = {
	};
	objectVersion = 46;
	objects = {

/* Begin PBXBuildFile section */
		441F9021177D8CC200C66F97 /* left_menu_head_bg@2x.png in Resources */ = {isa = PBXBuildFile; fileRef = 441F9020177D8CC200C66F97 /* left_menu_head_bg@2x.png */; };
		441F9023177D8E9700C66F97 /* left_menu_cell_select@2x.png in Resources */ = {isa = PBXBuildFile; fileRef = 441F9022177D8E9700C66F97 /* left_menu_cell_select@2x.png */; };
		441F9026177D933300C66F97 /* left_menu_line1@2x.png in Resources */ = {isa = PBXBuildFile; fileRef = 441F9024177D933300C66F97 /* left_menu_line1@2x.png */; };
		441F9027177D933300C66F97 /* left_menu_line2@2x.png in Resources */ = {isa = PBXBuildFile; fileRef = 441F9025177D933300C66F97 /* left_menu_line2@2x.png */; };
		449C022717812BDB00B4CB9A /* AdSageAdapterAdMob.m in Sources */ = {isa = PBXBuildFile; fileRef = 449C021C17812BDB00B4CB9A /* AdSageAdapterAdMob.m */; };
		449C022817812BDB00B4CB9A /* libGoogleAdMobAds.a in Frameworks */ = {isa = PBXBuildFile; fileRef = 449C022617812BDB00B4CB9A /* libGoogleAdMobAds.a */; };
		449C022A17830FA600B4CB9A /* default_icon@2x.jpg in Resources */ = {isa = PBXBuildFile; fileRef = 449C022917830FA600B4CB9A /* default_icon@2x.jpg */; };
		449C251C1783B1450097C28F /* AdSageAdapterAder.m in Sources */ = {isa = PBXBuildFile; fileRef = 449C251A1783B1450097C28F /* AdSageAdapterAder.m */; };
		449C251D1783B1450097C28F /* libAderSDK.a in Frameworks */ = {isa = PBXBuildFile; fileRef = 449C251B1783B1450097C28F /* libAderSDK.a */; };
		449C251F1783B1C90097C28F /* libxml2.dylib in Frameworks */ = {isa = PBXBuildFile; fileRef = 449C251E1783B1C90097C28F /* libxml2.dylib */; };
		449C25211783B1EA0097C28F /* EventKit.framework in Frameworks */ = {isa = PBXBuildFile; fileRef = 449C25201783B1EA0097C28F /* EventKit.framework */; };
		449C25231783B2F70097C28F /* Security.framework in Frameworks */ = {isa = PBXBuildFile; fileRef = 449C25221783B2F70097C28F /* Security.framework */; };
		449C25251783B3170097C28F /* MapKit.framework in Frameworks */ = {isa = PBXBuildFile; fileRef = 449C25241783B3170097C28F /* MapKit.framework */; };
		449C25271783B33A0097C28F /* SVProgressHUD.bundle in Resources */ = {isa = PBXBuildFile; fileRef = 449C25261783B33A0097C28F /* SVProgressHUD.bundle */; };
		449C25291783EDF20097C28F /* missing@2x.png in Resources */ = {isa = PBXBuildFile; fileRef = 449C25281783EDF20097C28F /* missing@2x.png */; };
		449D8D24177BD58F00D7CF78 /* BaseTitleViewController.m in Sources */ = {isa = PBXBuildFile; fileRef = 449D8D21177BD58F00D7CF78 /* BaseTitleViewController.m */; };
		449D8D25177BD58F00D7CF78 /* BaseViewController.m in Sources */ = {isa = PBXBuildFile; fileRef = 449D8D23177BD58F00D7CF78 /* BaseViewController.m */; };
		449D8D29177BD88600D7CF78 /* MainViewController.m in Sources */ = {isa = PBXBuildFile; fileRef = 449D8D28177BD88600D7CF78 /* MainViewController.m */; };
		449D8D2F177BD8C400D7CF78 /* navigation_bg@2x.png in Resources */ = {isa = PBXBuildFile; fileRef = 449D8D2B177BD8C400D7CF78 /* navigation_bg@2x.png */; };
		449D8D31177BD8C400D7CF78 /* left_menu_seperator@2x.png in Resources */ = {isa = PBXBuildFile; fileRef = 449D8D2E177BD8C400D7CF78 /* left_menu_seperator@2x.png */; };
		449D8D33177BD8E100D7CF78 /* left_menu_bg@2x.png in Resources */ = {isa = PBXBuildFile; fileRef = 449D8D32177BD8E100D7CF78 /* left_menu_bg@2x.png */; };
		449D8D37177BD92300D7CF78 /* LeftMenuViewController.m in Sources */ = {isa = PBXBuildFile; fileRef = 449D8D36177BD92300D7CF78 /* LeftMenuViewController.m */; };
		449D8D46177C01F800D7CF78 /* top_btn_back@2x.png in Resources */ = {isa = PBXBuildFile; fileRef = 449D8D45177C01F800D7CF78 /* top_btn_back@2x.png */; };
		449D8D48177C2CD600D7CF78 /* main_background@2x.png in Resources */ = {isa = PBXBuildFile; fileRef = 449D8D47177C2CD600D7CF78 /* main_background@2x.png */; };
		449D8D4A177C37D100D7CF78 /* top_btn_menu@2x.png in Resources */ = {isa = PBXBuildFile; fileRef = 449D8D49177C37D100D7CF78 /* top_btn_menu@2x.png */; };
		449D8D4D177C3F2400D7CF78 /* LeftMenuCell.m in Sources */ = {isa = PBXBuildFile; fileRef = 449D8D4C177C3F2400D7CF78 /* LeftMenuCell.m */; };
		449D8D4F177C433200D7CF78 /* left_menu_accessory@2x.png in Resources */ = {isa = PBXBuildFile; fileRef = 449D8D4E177C433200D7CF78 /* left_menu_accessory@2x.png */; };
		449DF8DE17866E7400DD8690 /* BaseRequest.m in Sources */ = {isa = PBXBuildFile; fileRef = 449DF8DC17866E7400DD8690 /* BaseRequest.m */; };
		449DF8E117866EFB00DD8690 /* PagingRequest.m in Sources */ = {isa = PBXBuildFile; fileRef = 449DF8E017866EFB00DD8690 /* PagingRequest.m */; };
		449DF8E41786730A00DD8690 /* FavoriteViewController.m in Sources */ = {isa = PBXBuildFile; fileRef = 449DF8E31786730A00DD8690 /* FavoriteViewController.m */; };
		449DF8FF1786B40700DD8690 /* AdSageAdapterDoMob.m in Sources */ = {isa = PBXBuildFile; fileRef = 449DF8F71786B40700DD8690 /* AdSageAdapterDoMob.m */; };
		449DF9001786B40700DD8690 /* DomobAdSDKBundle.bundle in Resources */ = {isa = PBXBuildFile; fileRef = 449DF8FD1786B40700DD8690 /* DomobAdSDKBundle.bundle */; };
		449DF9011786B40700DD8690 /* libDomobAdSDK.a in Frameworks */ = {isa = PBXBuildFile; fileRef = 449DF8FE1786B40700DD8690 /* libDomobAdSDK.a */; };
		449DF9031786B44000DD8690 /* PassKit.framework in Frameworks */ = {isa = PBXBuildFile; fileRef = 449DF9021786B44000DD8690 /* PassKit.framework */; settings = {ATTRIBUTES = (Weak, ); }; };
		449DF9051786B44800DD8690 /* Social.framework in Frameworks */ = {isa = PBXBuildFile; fileRef = 449DF9041786B44700DD8690 /* Social.framework */; settings = {ATTRIBUTES = (Weak, ); }; };
		449DF9091786C78400DD8690 /* SettingViewController.m in Sources */ = {isa = PBXBuildFile; fileRef = 449DF9081786C78400DD8690 /* SettingViewController.m */; };
		449DF90B1786C84600DD8690 /* top_btn_close@2x.png in Resources */ = {isa = PBXBuildFile; fileRef = 449DF90A1786C84600DD8690 /* top_btn_close@2x.png */; };
		449DF90F1787AFAD00DD8690 /* MBSpinningCircle.m in Sources */ = {isa = PBXBuildFile; fileRef = 449DF90E1787AFAD00DD8690 /* MBSpinningCircle.m */; };
		449E8D0A177EC62C00CB3065 /* SCImageBrowserView.m in Sources */ = {isa = PBXBuildFile; fileRef = 449E8D09177EC62C00CB3065 /* SCImageBrowserView.m */; };
		449E8D10177EC63B00CB3065 /* JASidePanelController.m in Sources */ = {isa = PBXBuildFile; fileRef = 449E8D0D177EC63B00CB3065 /* JASidePanelController.m */; };
		449E8D11177EC63B00CB3065 /* UIViewController+JASidePanel.m in Sources */ = {isa = PBXBuildFile; fileRef = 449E8D0F177EC63B00CB3065 /* UIViewController+JASidePanel.m */; };
		449E8D23177EC6C700CB3065 /* libMobiSageMediatorSDK.a in Frameworks */ = {isa = PBXBuildFile; fileRef = 449E8D22177EC6C700CB3065 /* libMobiSageMediatorSDK.a */; };
		449E8D4F177EC71700CB3065 /* SDImageCache.m in Sources */ = {isa = PBXBuildFile; fileRef = 449E8D3E177EC71700CB3065 /* SDImageCache.m */; settings = {COMPILER_FLAGS = "-fno-objc-arc"; }; };
		449E8D50177EC71700CB3065 /* SDWebImageDecoder.m in Sources */ = {isa = PBXBuildFile; fileRef = 449E8D42177EC71700CB3065 /* SDWebImageDecoder.m */; settings = {COMPILER_FLAGS = "-fno-objc-arc"; }; };
		449E8D51177EC71700CB3065 /* SDWebImageDownloader.m in Sources */ = {isa = PBXBuildFile; fileRef = 449E8D44177EC71700CB3065 /* SDWebImageDownloader.m */; settings = {COMPILER_FLAGS = "-fno-objc-arc"; }; };
		449E8D52177EC71700CB3065 /* SDWebImageManager.m in Sources */ = {isa = PBXBuildFile; fileRef = 449E8D47177EC71700CB3065 /* SDWebImageManager.m */; settings = {COMPILER_FLAGS = "-fno-objc-arc"; }; };
		449E8D53177EC71700CB3065 /* SDWebImagePrefetcher.m in Sources */ = {isa = PBXBuildFile; fileRef = 449E8D4A177EC71700CB3065 /* SDWebImagePrefetcher.m */; settings = {COMPILER_FLAGS = "-fno-objc-arc"; }; };
		449E8D54177EC71700CB3065 /* UIButton+WebCache.m in Sources */ = {isa = PBXBuildFile; fileRef = 449E8D4C177EC71700CB3065 /* UIButton+WebCache.m */; };
		449E8D55177EC71700CB3065 /* UIImageView+WebCache.m in Sources */ = {isa = PBXBuildFile; fileRef = 449E8D4E177EC71700CB3065 /* UIImageView+WebCache.m */; };
		449E8D57177ECDDC00CB3065 /* ImageIO.framework in Frameworks */ = {isa = PBXBuildFile; fileRef = 449E8D56177ECDDC00CB3065 /* ImageIO.framework */; };
		449E9141177E731400D39119 /* CoreLocation.framework in Frameworks */ = {isa = PBXBuildFile; fileRef = 449E9140177E731400D39119 /* CoreLocation.framework */; };
		449E9143177E732A00D39119 /* CoreTelephony.framework in Frameworks */ = {isa = PBXBuildFile; fileRef = 449E9142177E732A00D39119 /* CoreTelephony.framework */; settings = {ATTRIBUTES = (Weak, ); }; };
		449E9145177E733A00D39119 /* StoreKit.framework in Frameworks */ = {isa = PBXBuildFile; fileRef = 449E9144177E733A00D39119 /* StoreKit.framework */; settings = {ATTRIBUTES = (Weak, ); }; };
		449E9147177E739500D39119 /* MessageUI.framework in Frameworks */ = {isa = PBXBuildFile; fileRef = 449E9146177E739500D39119 /* MessageUI.framework */; settings = {ATTRIBUTES = (Weak, ); }; };
		449E92CD177EBBF300D39119 /* ASIHttpFrameWork.framework in Frameworks */ = {isa = PBXBuildFile; fileRef = 449E92CC177EBBF300D39119 /* ASIHttpFrameWork.framework */; };
		449E92D7177EBF5000D39119 /* NetASIAdapter.m in Sources */ = {isa = PBXBuildFile; fileRef = 449E92D0177EBF5000D39119 /* NetASIAdapter.m */; };
		449E92D8177EBF5000D39119 /* NetBaseAdapter.m in Sources */ = {isa = PBXBuildFile; fileRef = 449E92D2177EBF5000D39119 /* NetBaseAdapter.m */; };
		449E92D9177EBF5000D39119 /* NetServiceFace.m in Sources */ = {isa = PBXBuildFile; fileRef = 449E92D4177EBF5000D39119 /* NetServiceFace.m */; };
		449E92DA177EBF5000D39119 /* NetServiceManager.m in Sources */ = {isa = PBXBuildFile; fileRef = 449E92D6177EBF5000D39119 /* NetServiceManager.m */; };
		449E92DC177EE94300D39119 /* icon@2x.png in Resources */ = {isa = PBXBuildFile; fileRef = 449E92DB177EE94300D39119 /* icon@2x.png */; };
		449E92DE177EE97E00D39119 /* icon.png in Resources */ = {isa = PBXBuildFile; fileRef = 449E92DD177EE97E00D39119 /* icon.png */; };
		449E93C6178166620099A91C /* BaseItemData.m in Sources */ = {isa = PBXBuildFile; fileRef = 449E93C1178166620099A91C /* BaseItemData.m */; };
		449E93C7178166620099A91C /* BaseResponse.m in Sources */ = {isa = PBXBuildFile; fileRef = 449E93C5178166620099A91C /* BaseResponse.m */; };
		449E93CA178168700099A91C /* BaseListResponse.m in Sources */ = {isa = PBXBuildFile; fileRef = 449E93C9178168700099A91C /* BaseListResponse.m */; };
		449E93CD178168E90099A91C /* ListResponse.m in Sources */ = {isa = PBXBuildFile; fileRef = 449E93CC178168E80099A91C /* ListResponse.m */; };
		449E93D3178169440099A91C /* QiushiItem.m in Sources */ = {isa = PBXBuildFile; fileRef = 449E93D2178169440099A91C /* QiushiItem.m */; };
		449E93D61781715B0099A91C /* BaseTableView.m in Sources */ = {isa = PBXBuildFile; fileRef = 449E93D51781715B0099A91C /* BaseTableView.m */; };
		449E93D9178171CF0099A91C /* MainTableView.m in Sources */ = {isa = PBXBuildFile; fileRef = 449E93D8178171CF0099A91C /* MainTableView.m */; };
		449E93E5178172120099A91C /* blueArrow.png in Resources */ = {isa = PBXBuildFile; fileRef = 449E93DB178172120099A91C /* blueArrow.png */; };
		449E93E6178172120099A91C /* blueArrow@2x.png in Resources */ = {isa = PBXBuildFile; fileRef = 449E93DC178172120099A91C /* blueArrow@2x.png */; };
		449E93E7178172120099A91C /* SCEXTableView.m in Sources */ = {isa = PBXBuildFile; fileRef = 449E93DE178172120099A91C /* SCEXTableView.m */; };
		449E93E8178172120099A91C /* SCFullScreenScroll.m in Sources */ = {isa = PBXBuildFile; fileRef = 449E93E0178172120099A91C /* SCFullScreenScroll.m */; };
		449E93E9178172120099A91C /* SCRefreshTableHeader.m in Sources */ = {isa = PBXBuildFile; fileRef = 449E93E2178172120099A91C /* SCRefreshTableHeader.m */; };
		449E93EA178172120099A91C /* SCScrollViewDecorate.m in Sources */ = {isa = PBXBuildFile; fileRef = 449E93E4178172120099A91C /* SCScrollViewDecorate.m */; };
		449E93ED178173F80099A91C /* MainTableCell.m in Sources */ = {isa = PBXBuildFile; fileRef = 449E93EC178173F80099A91C /* MainTableCell.m */; };
		44A0629F1782784B00BD2251 /* DetailViewController.m in Sources */ = {isa = PBXBuildFile; fileRef = 44A0629E1782784B00BD2251 /* DetailViewController.m */; };
		44A062A217827BEB00BD2251 /* MLResource.bundle in Resources */ = {isa = PBXBuildFile; fileRef = 44A062A117827BEB00BD2251 /* MLResource.bundle */; };
		44A4682D178501C500022568 /* icon_comment@2x.png in Resources */ = {isa = PBXBuildFile; fileRef = 44A4682C178501C500022568 /* icon_comment@2x.png */; };
		44A46830178509C200022568 /* icon_fav_active@2x.png in Resources */ = {isa = PBXBuildFile; fileRef = 44A4682E178509C200022568 /* icon_fav_active@2x.png */; };
		44A46831178509C200022568 /* icon_fav_enable@2x.png in Resources */ = {isa = PBXBuildFile; fileRef = 44A4682F178509C200022568 /* icon_fav_enable@2x.png */; };
		44A468351785200C00022568 /* libMobiSageRecommend.a in Frameworks */ = {isa = PBXBuildFile; fileRef = 44A468331785200C00022568 /* libMobiSageRecommend.a */; };
		44A468361785200C00022568 /* MobiSageRecommendBundle.bundle in Resources */ = {isa = PBXBuildFile; fileRef = 44A468341785200C00022568 /* MobiSageRecommendBundle.bundle */; };
		44A4683917854AE400022568 /* CommentTableView.m in Sources */ = {isa = PBXBuildFile; fileRef = 44A4683817854AE400022568 /* CommentTableView.m */; };
		44A4683C17854B5500022568 /* CommentTableCell.m in Sources */ = {isa = PBXBuildFile; fileRef = 44A4683B17854B5500022568 /* CommentTableCell.m */; };
		44A4683F178555AB00022568 /* CommentItem.m in Sources */ = {isa = PBXBuildFile; fileRef = 44A4683E178555AB00022568 /* CommentItem.m */; };
		44A46842178557A600022568 /* CommentResponse.m in Sources */ = {isa = PBXBuildFile; fileRef = 44A46841178557A600022568 /* CommentResponse.m */; };
		44B11EE017898E7C00C9F565 /* libGoogleAnalytics.a in Frameworks */ = {isa = PBXBuildFile; fileRef = 44B11EDF17898E7C00C9F565 /* libGoogleAnalytics.a */; };
		44B11EE517898F4000C9F565 /* DataTracker.m in Sources */ = {isa = PBXBuildFile; fileRef = 44B11EE417898F4000C9F565 /* DataTracker.m */; };
		44B11EEB1789956200C9F565 /* CoreData.framework in Frameworks */ = {isa = PBXBuildFile; fileRef = 44B11EEA1789956200C9F565 /* CoreData.framework */; };
		44B55CA217811D7400008A2E /* AudioToolbox.framework in Frameworks */ = {isa = PBXBuildFile; fileRef = 44B55CA117811D7400008A2E /* AudioToolbox.framework */; };
		44B55CA417811E0D00008A2E /* AdSupport.framework in Frameworks */ = {isa = PBXBuildFile; fileRef = 44B55CA317811E0D00008A2E /* AdSupport.framework */; settings = {ATTRIBUTES = (Weak, ); }; };
		44BC41A0178403C2004CF8A9 /* divider_line_bold@2x.png in Resources */ = {isa = PBXBuildFile; fileRef = 44BC419E178403C2004CF8A9 /* divider_line_bold@2x.png */; };
		44BC41A1178403C2004CF8A9 /* divider_line@2x.png in Resources */ = {isa = PBXBuildFile; fileRef = 44BC419F178403C2004CF8A9 /* divider_line@2x.png */; };
		44BC41A417840418004CF8A9 /* DetailTopView.m in Sources */ = {isa = PBXBuildFile; fileRef = 44BC41A317840418004CF8A9 /* DetailTopView.m */; };
		44BC41A8178411E6004CF8A9 /* ImageCountButton.m in Sources */ = {isa = PBXBuildFile; fileRef = 44BC41A7178411E6004CF8A9 /* ImageCountButton.m */; };
		44BC41AA178412E2004CF8A9 /* default_content_image@2x.png in Resources */ = {isa = PBXBuildFile; fileRef = 44BC41A9178412E2004CF8A9 /* default_content_image@2x.png */; };
		44BC41AD17842803004CF8A9 /* icon_against@2x.png in Resources */ = {isa = PBXBuildFile; fileRef = 44BC41AB17842803004CF8A9 /* icon_against@2x.png */; };
		44BC41AE17842803004CF8A9 /* icon_like@2x.png in Resources */ = {isa = PBXBuildFile; fileRef = 44BC41AC17842803004CF8A9 /* icon_like@2x.png */; };
		44C04F331774535E005AA1D7 /* UIKit.framework in Frameworks */ = {isa = PBXBuildFile; fileRef = 44C04F321774535E005AA1D7 /* UIKit.framework */; };
		44C04F351774535E005AA1D7 /* Foundation.framework in Frameworks */ = {isa = PBXBuildFile; fileRef = 44C04F341774535E005AA1D7 /* Foundation.framework */; };
		44C04F371774535E005AA1D7 /* CoreGraphics.framework in Frameworks */ = {isa = PBXBuildFile; fileRef = 44C04F361774535E005AA1D7 /* CoreGraphics.framework */; };
		44C04F451774535E005AA1D7 /* Default.png in Resources */ = {isa = PBXBuildFile; fileRef = 44C04F441774535E005AA1D7 /* Default.png */; };
		44C04F471774535F005AA1D7 /* Default@2x.png in Resources */ = {isa = PBXBuildFile; fileRef = 44C04F461774535F005AA1D7 /* Default@2x.png */; };
		44C04F491774535F005AA1D7 /* Default-568h@2x.png in Resources */ = {isa = PBXBuildFile; fileRef = 44C04F481774535F005AA1D7 /* Default-568h@2x.png */; };
		44C04F571774535F005AA1D7 /* SenTestingKit.framework in Frameworks */ = {isa = PBXBuildFile; fileRef = 44C04F561774535F005AA1D7 /* SenTestingKit.framework */; };
		44C04F581774535F005AA1D7 /* UIKit.framework in Frameworks */ = {isa = PBXBuildFile; fileRef = 44C04F321774535E005AA1D7 /* UIKit.framework */; };
		44C04F591774535F005AA1D7 /* Foundation.framework in Frameworks */ = {isa = PBXBuildFile; fileRef = 44C04F341774535E005AA1D7 /* Foundation.framework */; };
		44C04F611774535F005AA1D7 /* InfoPlist.strings in Resources */ = {isa = PBXBuildFile; fileRef = 44C04F5F1774535F005AA1D7 /* InfoPlist.strings */; };
		44C04F641774535F005AA1D7 /* SCQiushiTests.m in Sources */ = {isa = PBXBuildFile; fileRef = 44C04F631774535F005AA1D7 /* SCQiushiTests.m */; };
		44C04F7117745410005AA1D7 /* AppDelegate.m in Sources */ = {isa = PBXBuildFile; fileRef = 44C04F7017745410005AA1D7 /* AppDelegate.m */; };
		44C04F7517745430005AA1D7 /* ViewController.m in Sources */ = {isa = PBXBuildFile; fileRef = 44C04F7417745430005AA1D7 /* ViewController.m */; };
		44C04F7817745455005AA1D7 /* SCQiushi-Info.plist in Resources */ = {isa = PBXBuildFile; fileRef = 44C04F7617745455005AA1D7 /* SCQiushi-Info.plist */; };
		44C04F7A17745471005AA1D7 /* main.m in Sources */ = {isa = PBXBuildFile; fileRef = 44C04F7917745471005AA1D7 /* main.m */; };
		44C04F7D177454A0005AA1D7 /* InfoPlist.strings in Resources */ = {isa = PBXBuildFile; fileRef = 44C04F7B177454A0005AA1D7 /* InfoPlist.strings */; };
		44C04F80177454A6005AA1D7 /* ViewController.xib in Resources */ = {isa = PBXBuildFile; fileRef = 44C04F7E177454A6005AA1D7 /* ViewController.xib */; };
		44C04F901774587E005AA1D7 /* libSCUtility.a in Frameworks */ = {isa = PBXBuildFile; fileRef = 44C04F8F1774587E005AA1D7 /* libSCUtility.a */; };
		44C04F9417745902005AA1D7 /* CFNetwork.framework in Frameworks */ = {isa = PBXBuildFile; fileRef = 44C04F9317745902005AA1D7 /* CFNetwork.framework */; };
		44C04F9617745909005AA1D7 /* QuartzCore.framework in Frameworks */ = {isa = PBXBuildFile; fileRef = 44C04F9517745909005AA1D7 /* QuartzCore.framework */; };
		44C04F981774591A005AA1D7 /* SystemConfiguration.framework in Frameworks */ = {isa = PBXBuildFile; fileRef = 44C04F971774591A005AA1D7 /* SystemConfiguration.framework */; };
		44C04F9A177459BB005AA1D7 /* libz.1.2.5.dylib in Frameworks */ = {isa = PBXBuildFile; fileRef = 44C04F99177459BB005AA1D7 /* libz.1.2.5.dylib */; };
		44C04F9C177459D8005AA1D7 /* MobileCoreServices.framework in Frameworks */ = {isa = PBXBuildFile; fileRef = 44C04F9B177459D8005AA1D7 /* MobileCoreServices.framework */; };
/* End PBXBuildFile section */

/* Begin PBXContainerItemProxy section */
		44C04F5A1774535F005AA1D7 /* PBXContainerItemProxy */ = {
			isa = PBXContainerItemProxy;
			containerPortal = 44C04F271774535E005AA1D7 /* Project object */;
			proxyType = 1;
			remoteGlobalIDString = 44C04F2E1774535E005AA1D7;
			remoteInfo = SCQiushi;
		};
/* End PBXContainerItemProxy section */

/* Begin PBXFileReference section */
		441F9020177D8CC200C66F97 /* left_menu_head_bg@2x.png */ = {isa = PBXFileReference; lastKnownFileType = image.png; path = "left_menu_head_bg@2x.png"; sourceTree = "<group>"; };
		441F9022177D8E9700C66F97 /* left_menu_cell_select@2x.png */ = {isa = PBXFileReference; lastKnownFileType = image.png; path = "left_menu_cell_select@2x.png"; sourceTree = "<group>"; };
		441F9024177D933300C66F97 /* left_menu_line1@2x.png */ = {isa = PBXFileReference; lastKnownFileType = image.png; path = "left_menu_line1@2x.png"; sourceTree = "<group>"; };
		441F9025177D933300C66F97 /* left_menu_line2@2x.png */ = {isa = PBXFileReference; lastKnownFileType = image.png; path = "left_menu_line2@2x.png"; sourceTree = "<group>"; };
		449C021B17812BDB00B4CB9A /* AdSageAdapterAdMob.h */ = {isa = PBXFileReference; fileEncoding = 4; lastKnownFileType = sourcecode.c.h; path = AdSageAdapterAdMob.h; sourceTree = "<group>"; };
		449C021C17812BDB00B4CB9A /* AdSageAdapterAdMob.m */ = {isa = PBXFileReference; fileEncoding = 4; lastKnownFileType = sourcecode.c.objc; path = AdSageAdapterAdMob.m; sourceTree = "<group>"; };
		449C021D17812BDB00B4CB9A /* GADAdMobExtras.h */ = {isa = PBXFileReference; fileEncoding = 4; lastKnownFileType = sourcecode.c.h; path = GADAdMobExtras.h; sourceTree = "<group>"; };
		449C021E17812BDB00B4CB9A /* GADAdNetworkExtras.h */ = {isa = PBXFileReference; fileEncoding = 4; lastKnownFileType = sourcecode.c.h; path = GADAdNetworkExtras.h; sourceTree = "<group>"; };
		449C021F17812BDB00B4CB9A /* GADAdSize.h */ = {isa = PBXFileReference; fileEncoding = 4; lastKnownFileType = sourcecode.c.h; path = GADAdSize.h; sourceTree = "<group>"; };
		449C022017812BDB00B4CB9A /* GADBannerView.h */ = {isa = PBXFileReference; fileEncoding = 4; lastKnownFileType = sourcecode.c.h; path = GADBannerView.h; sourceTree = "<group>"; };
		449C022117812BDB00B4CB9A /* GADBannerViewDelegate.h */ = {isa = PBXFileReference; fileEncoding = 4; lastKnownFileType = sourcecode.c.h; path = GADBannerViewDelegate.h; sourceTree = "<group>"; };
		449C022217812BDB00B4CB9A /* GADInterstitial.h */ = {isa = PBXFileReference; fileEncoding = 4; lastKnownFileType = sourcecode.c.h; path = GADInterstitial.h; sourceTree = "<group>"; };
		449C022317812BDB00B4CB9A /* GADInterstitialDelegate.h */ = {isa = PBXFileReference; fileEncoding = 4; lastKnownFileType = sourcecode.c.h; path = GADInterstitialDelegate.h; sourceTree = "<group>"; };
		449C022417812BDB00B4CB9A /* GADRequest.h */ = {isa = PBXFileReference; fileEncoding = 4; lastKnownFileType = sourcecode.c.h; path = GADRequest.h; sourceTree = "<group>"; };
		449C022517812BDB00B4CB9A /* GADRequestError.h */ = {isa = PBXFileReference; fileEncoding = 4; lastKnownFileType = sourcecode.c.h; path = GADRequestError.h; sourceTree = "<group>"; };
		449C022617812BDB00B4CB9A /* libGoogleAdMobAds.a */ = {isa = PBXFileReference; lastKnownFileType = archive.ar; path = libGoogleAdMobAds.a; sourceTree = "<group>"; };
		449C022917830FA600B4CB9A /* default_icon@2x.jpg */ = {isa = PBXFileReference; lastKnownFileType = image.jpeg; path = "default_icon@2x.jpg"; sourceTree = "<group>"; };
		449C25151783B1450097C28F /* AderDelegateProtocal.h */ = {isa = PBXFileReference; fileEncoding = 4; lastKnownFileType = sourcecode.c.h; path = AderDelegateProtocal.h; sourceTree = "<group>"; };
		449C25161783B1450097C28F /* AderInterstitial.h */ = {isa = PBXFileReference; fileEncoding = 4; lastKnownFileType = sourcecode.c.h; path = AderInterstitial.h; sourceTree = "<group>"; };
		449C25171783B1450097C28F /* AderInterstitialDelegate.h */ = {isa = PBXFileReference; fileEncoding = 4; lastKnownFileType = sourcecode.c.h; path = AderInterstitialDelegate.h; sourceTree = "<group>"; };
		449C25181783B1450097C28F /* AderSDK.h */ = {isa = PBXFileReference; fileEncoding = 4; lastKnownFileType = sourcecode.c.h; path = AderSDK.h; sourceTree = "<group>"; };
		449C25191783B1450097C28F /* AdSageAdapterAder.h */ = {isa = PBXFileReference; fileEncoding = 4; lastKnownFileType = sourcecode.c.h; path = AdSageAdapterAder.h; sourceTree = "<group>"; };
		449C251A1783B1450097C28F /* AdSageAdapterAder.m */ = {isa = PBXFileReference; fileEncoding = 4; lastKnownFileType = sourcecode.c.objc; path = AdSageAdapterAder.m; sourceTree = "<group>"; };
		449C251B1783B1450097C28F /* libAderSDK.a */ = {isa = PBXFileReference; lastKnownFileType = archive.ar; path = libAderSDK.a; sourceTree = "<group>"; };
		449C251E1783B1C90097C28F /* libxml2.dylib */ = {isa = PBXFileReference; lastKnownFileType = "compiled.mach-o.dylib"; name = libxml2.dylib; path = usr/lib/libxml2.dylib; sourceTree = SDKROOT; };
		449C25201783B1EA0097C28F /* EventKit.framework */ = {isa = PBXFileReference; lastKnownFileType = wrapper.framework; name = EventKit.framework; path = System/Library/Frameworks/EventKit.framework; sourceTree = SDKROOT; };
		449C25221783B2F70097C28F /* Security.framework */ = {isa = PBXFileReference; lastKnownFileType = wrapper.framework; name = Security.framework; path = System/Library/Frameworks/Security.framework; sourceTree = SDKROOT; };
		449C25241783B3170097C28F /* MapKit.framework */ = {isa = PBXFileReference; lastKnownFileType = wrapper.framework; name = MapKit.framework; path = System/Library/Frameworks/MapKit.framework; sourceTree = SDKROOT; };
		449C25261783B33A0097C28F /* SVProgressHUD.bundle */ = {isa = PBXFileReference; lastKnownFileType = "wrapper.plug-in"; name = SVProgressHUD.bundle; path = ../../../SCUtility/SCUtility/Widget/SVProgressHUD/SVProgressHUD.bundle; sourceTree = "<group>"; };
		449C25281783EDF20097C28F /* missing@2x.png */ = {isa = PBXFileReference; lastKnownFileType = image.png; path = "missing@2x.png"; sourceTree = "<group>"; };
		449D8D20177BD58F00D7CF78 /* BaseTitleViewController.h */ = {isa = PBXFileReference; fileEncoding = 4; lastKnownFileType = sourcecode.c.h; path = BaseTitleViewController.h; sourceTree = "<group>"; };
		449D8D21177BD58F00D7CF78 /* BaseTitleViewController.m */ = {isa = PBXFileReference; fileEncoding = 4; lastKnownFileType = sourcecode.c.objc; path = BaseTitleViewController.m; sourceTree = "<group>"; };
		449D8D22177BD58F00D7CF78 /* BaseViewController.h */ = {isa = PBXFileReference; fileEncoding = 4; lastKnownFileType = sourcecode.c.h; path = BaseViewController.h; sourceTree = "<group>"; };
		449D8D23177BD58F00D7CF78 /* BaseViewController.m */ = {isa = PBXFileReference; fileEncoding = 4; lastKnownFileType = sourcecode.c.objc; path = BaseViewController.m; sourceTree = "<group>"; };
		449D8D27177BD88600D7CF78 /* MainViewController.h */ = {isa = PBXFileReference; fileEncoding = 4; lastKnownFileType = sourcecode.c.h; path = MainViewController.h; sourceTree = "<group>"; };
		449D8D28177BD88600D7CF78 /* MainViewController.m */ = {isa = PBXFileReference; fileEncoding = 4; lastKnownFileType = sourcecode.c.objc; path = MainViewController.m; sourceTree = "<group>"; };
		449D8D2B177BD8C400D7CF78 /* navigation_bg@2x.png */ = {isa = PBXFileReference; lastKnownFileType = image.png; path = "navigation_bg@2x.png"; sourceTree = "<group>"; };
		449D8D2E177BD8C400D7CF78 /* left_menu_seperator@2x.png */ = {isa = PBXFileReference; lastKnownFileType = image.png; path = "left_menu_seperator@2x.png"; sourceTree = "<group>"; };
		449D8D32177BD8E100D7CF78 /* left_menu_bg@2x.png */ = {isa = PBXFileReference; lastKnownFileType = image.png; path = "left_menu_bg@2x.png"; sourceTree = "<group>"; };
		449D8D35177BD92300D7CF78 /* LeftMenuViewController.h */ = {isa = PBXFileReference; fileEncoding = 4; lastKnownFileType = sourcecode.c.h; path = LeftMenuViewController.h; sourceTree = "<group>"; };
		449D8D36177BD92300D7CF78 /* LeftMenuViewController.m */ = {isa = PBXFileReference; fileEncoding = 4; lastKnownFileType = sourcecode.c.objc; path = LeftMenuViewController.m; sourceTree = "<group>"; };
		449D8D45177C01F800D7CF78 /* top_btn_back@2x.png */ = {isa = PBXFileReference; lastKnownFileType = image.png; path = "top_btn_back@2x.png"; sourceTree = "<group>"; };
		449D8D47177C2CD600D7CF78 /* main_background@2x.png */ = {isa = PBXFileReference; lastKnownFileType = image.png; path = "main_background@2x.png"; sourceTree = "<group>"; };
		449D8D49177C37D100D7CF78 /* top_btn_menu@2x.png */ = {isa = PBXFileReference; lastKnownFileType = image.png; path = "top_btn_menu@2x.png"; sourceTree = "<group>"; };
		449D8D4B177C3F2400D7CF78 /* LeftMenuCell.h */ = {isa = PBXFileReference; fileEncoding = 4; lastKnownFileType = sourcecode.c.h; path = LeftMenuCell.h; sourceTree = "<group>"; };
		449D8D4C177C3F2400D7CF78 /* LeftMenuCell.m */ = {isa = PBXFileReference; fileEncoding = 4; lastKnownFileType = sourcecode.c.objc; path = LeftMenuCell.m; sourceTree = "<group>"; };
		449D8D4E177C433200D7CF78 /* left_menu_accessory@2x.png */ = {isa = PBXFileReference; lastKnownFileType = image.png; path = "left_menu_accessory@2x.png"; sourceTree = "<group>"; };
		449DF8DC17866E7400DD8690 /* BaseRequest.m */ = {isa = PBXFileReference; fileEncoding = 4; lastKnownFileType = sourcecode.c.objc; path = BaseRequest.m; sourceTree = "<group>"; };
		449DF8DD17866E7400DD8690 /* BaseRequest.h */ = {isa = PBXFileReference; fileEncoding = 4; lastKnownFileType = sourcecode.c.h; path = BaseRequest.h; sourceTree = "<group>"; };
		449DF8DF17866EFB00DD8690 /* PagingRequest.h */ = {isa = PBXFileReference; fileEncoding = 4; lastKnownFileType = sourcecode.c.h; path = PagingRequest.h; sourceTree = "<group>"; };
		449DF8E017866EFB00DD8690 /* PagingRequest.m */ = {isa = PBXFileReference; fileEncoding = 4; lastKnownFileType = sourcecode.c.objc; path = PagingRequest.m; sourceTree = "<group>"; };
		449DF8E21786730A00DD8690 /* FavoriteViewController.h */ = {isa = PBXFileReference; fileEncoding = 4; lastKnownFileType = sourcecode.c.h; path = FavoriteViewController.h; sourceTree = "<group>"; };
		449DF8E31786730A00DD8690 /* FavoriteViewController.m */ = {isa = PBXFileReference; fileEncoding = 4; lastKnownFileType = sourcecode.c.objc; path = FavoriteViewController.m; sourceTree = "<group>"; };
		449DF8F61786B40700DD8690 /* AdSageAdapterDoMob.h */ = {isa = PBXFileReference; fileEncoding = 4; lastKnownFileType = sourcecode.c.h; path = AdSageAdapterDoMob.h; sourceTree = "<group>"; };
		449DF8F71786B40700DD8690 /* AdSageAdapterDoMob.m */ = {isa = PBXFileReference; fileEncoding = 4; lastKnownFileType = sourcecode.c.objc; path = AdSageAdapterDoMob.m; sourceTree = "<group>"; };
		449DF8F81786B40700DD8690 /* DMAdView.h */ = {isa = PBXFileReference; fileEncoding = 4; lastKnownFileType = sourcecode.c.h; path = DMAdView.h; sourceTree = "<group>"; };
		449DF8F91786B40700DD8690 /* DMInterstitialAdController.h */ = {isa = PBXFileReference; fileEncoding = 4; lastKnownFileType = sourcecode.c.h; path = DMInterstitialAdController.h; sourceTree = "<group>"; };
		449DF8FA1786B40700DD8690 /* DMSplashAdController.h */ = {isa = PBXFileReference; fileEncoding = 4; lastKnownFileType = sourcecode.c.h; path = DMSplashAdController.h; sourceTree = "<group>"; };
		449DF8FB1786B40700DD8690 /* DMTools.h */ = {isa = PBXFileReference; fileEncoding = 4; lastKnownFileType = sourcecode.c.h; path = DMTools.h; sourceTree = "<group>"; };
		449DF8FD1786B40700DD8690 /* DomobAdSDKBundle.bundle */ = {isa = PBXFileReference; lastKnownFileType = "wrapper.plug-in"; path = DomobAdSDKBundle.bundle; sourceTree = "<group>"; };
		449DF8FE1786B40700DD8690 /* libDomobAdSDK.a */ = {isa = PBXFileReference; lastKnownFileType = archive.ar; path = libDomobAdSDK.a; sourceTree = "<group>"; };
		449DF9021786B44000DD8690 /* PassKit.framework */ = {isa = PBXFileReference; lastKnownFileType = wrapper.framework; name = PassKit.framework; path = System/Library/Frameworks/PassKit.framework; sourceTree = SDKROOT; };
		449DF9041786B44700DD8690 /* Social.framework */ = {isa = PBXFileReference; lastKnownFileType = wrapper.framework; name = Social.framework; path = System/Library/Frameworks/Social.framework; sourceTree = SDKROOT; };
		449DF9071786C78400DD8690 /* SettingViewController.h */ = {isa = PBXFileReference; fileEncoding = 4; lastKnownFileType = sourcecode.c.h; path = SettingViewController.h; sourceTree = "<group>"; };
		449DF9081786C78400DD8690 /* SettingViewController.m */ = {isa = PBXFileReference; fileEncoding = 4; lastKnownFileType = sourcecode.c.objc; path = SettingViewController.m; sourceTree = "<group>"; };
		449DF90A1786C84600DD8690 /* top_btn_close@2x.png */ = {isa = PBXFileReference; lastKnownFileType = image.png; path = "top_btn_close@2x.png"; sourceTree = "<group>"; };
		449DF90D1787AFAD00DD8690 /* MBSpinningCircle.h */ = {isa = PBXFileReference; fileEncoding = 4; lastKnownFileType = sourcecode.c.h; path = MBSpinningCircle.h; sourceTree = "<group>"; };
		449DF90E1787AFAD00DD8690 /* MBSpinningCircle.m */ = {isa = PBXFileReference; fileEncoding = 4; lastKnownFileType = sourcecode.c.objc; path = MBSpinningCircle.m; sourceTree = "<group>"; };
		449E8D08177EC62C00CB3065 /* SCImageBrowserView.h */ = {isa = PBXFileReference; fileEncoding = 4; lastKnownFileType = sourcecode.c.h; path = SCImageBrowserView.h; sourceTree = "<group>"; };
		449E8D09177EC62C00CB3065 /* SCImageBrowserView.m */ = {isa = PBXFileReference; fileEncoding = 4; lastKnownFileType = sourcecode.c.objc; path = SCImageBrowserView.m; sourceTree = "<group>"; };
		449E8D0C177EC63B00CB3065 /* JASidePanelController.h */ = {isa = PBXFileReference; fileEncoding = 4; lastKnownFileType = sourcecode.c.h; path = JASidePanelController.h; sourceTree = "<group>"; };
		449E8D0D177EC63B00CB3065 /* JASidePanelController.m */ = {isa = PBXFileReference; fileEncoding = 4; lastKnownFileType = sourcecode.c.objc; path = JASidePanelController.m; sourceTree = "<group>"; };
		449E8D0E177EC63B00CB3065 /* UIViewController+JASidePanel.h */ = {isa = PBXFileReference; fileEncoding = 4; lastKnownFileType = sourcecode.c.h; path = "UIViewController+JASidePanel.h"; sourceTree = "<group>"; };
		449E8D0F177EC63B00CB3065 /* UIViewController+JASidePanel.m */ = {isa = PBXFileReference; fileEncoding = 4; lastKnownFileType = sourcecode.c.objc; path = "UIViewController+JASidePanel.m"; sourceTree = "<group>"; };
		449E8D22177EC6C700CB3065 /* libMobiSageMediatorSDK.a */ = {isa = PBXFileReference; lastKnownFileType = archive.ar; name = libMobiSageMediatorSDK.a; path = ../../../SCCommon/Vender/MobiSage/lite/libMobiSageMediatorSDK.a; sourceTree = "<group>"; };
		449E8D25177EC6D300CB3065 /* AdSageAdapter.h */ = {isa = PBXFileReference; fileEncoding = 4; lastKnownFileType = sourcecode.c.h; path = AdSageAdapter.h; sourceTree = "<group>"; };
		449E8D26177EC6D300CB3065 /* AdSageDelegate.h */ = {isa = PBXFileReference; fileEncoding = 4; lastKnownFileType = sourcecode.c.h; path = AdSageDelegate.h; sourceTree = "<group>"; };
		449E8D27177EC6D300CB3065 /* AdSageManager.h */ = {isa = PBXFileReference; fileEncoding = 4; lastKnownFileType = sourcecode.c.h; path = AdSageManager.h; sourceTree = "<group>"; };
		449E8D28177EC6D300CB3065 /* AdSageView.h */ = {isa = PBXFileReference; fileEncoding = 4; lastKnownFileType = sourcecode.c.h; path = AdSageView.h; sourceTree = "<group>"; };
		449E8D29177EC6D300CB3065 /* MobiSageSDK.h */ = {isa = PBXFileReference; fileEncoding = 4; lastKnownFileType = sourcecode.c.h; path = MobiSageSDK.h; sourceTree = "<group>"; };
		449E8D32177EC6D300CB3065 /* CloseBannerBtn.png */ = {isa = PBXFileReference; lastKnownFileType = image.png; path = CloseBannerBtn.png; sourceTree = "<group>"; };
		449E8D33177EC6D300CB3065 /* CloseBannerBtn@2x.png */ = {isa = PBXFileReference; lastKnownFileType = image.png; path = "CloseBannerBtn@2x.png"; sourceTree = "<group>"; };
		449E8D34177EC6D300CB3065 /* timeuptoclosefs_ipad.png */ = {isa = PBXFileReference; lastKnownFileType = image.png; path = timeuptoclosefs_ipad.png; sourceTree = "<group>"; };
		449E8D35177EC6D300CB3065 /* timeuptoclosefs_iphone.png */ = {isa = PBXFileReference; lastKnownFileType = image.png; path = timeuptoclosefs_iphone.png; sourceTree = "<group>"; };
		449E8D3D177EC71700CB3065 /* SDImageCache.h */ = {isa = PBXFileReference; fileEncoding = 4; lastKnownFileType = sourcecode.c.h; path = SDImageCache.h; sourceTree = "<group>"; };
		449E8D3E177EC71700CB3065 /* SDImageCache.m */ = {isa = PBXFileReference; fileEncoding = 4; lastKnownFileType = sourcecode.c.objc; path = SDImageCache.m; sourceTree = "<group>"; };
		449E8D3F177EC71700CB3065 /* SDImageCacheDelegate.h */ = {isa = PBXFileReference; fileEncoding = 4; lastKnownFileType = sourcecode.c.h; path = SDImageCacheDelegate.h; sourceTree = "<group>"; };
		449E8D40177EC71700CB3065 /* SDWebImageCompat.h */ = {isa = PBXFileReference; fileEncoding = 4; lastKnownFileType = sourcecode.c.h; path = SDWebImageCompat.h; sourceTree = "<group>"; };
		449E8D41177EC71700CB3065 /* SDWebImageDecoder.h */ = {isa = PBXFileReference; fileEncoding = 4; lastKnownFileType = sourcecode.c.h; path = SDWebImageDecoder.h; sourceTree = "<group>"; };
		449E8D42177EC71700CB3065 /* SDWebImageDecoder.m */ = {isa = PBXFileReference; fileEncoding = 4; lastKnownFileType = sourcecode.c.objc; path = SDWebImageDecoder.m; sourceTree = "<group>"; };
		449E8D43177EC71700CB3065 /* SDWebImageDownloader.h */ = {isa = PBXFileReference; fileEncoding = 4; lastKnownFileType = sourcecode.c.h; path = SDWebImageDownloader.h; sourceTree = "<group>"; };
		449E8D44177EC71700CB3065 /* SDWebImageDownloader.m */ = {isa = PBXFileReference; fileEncoding = 4; lastKnownFileType = sourcecode.c.objc; path = SDWebImageDownloader.m; sourceTree = "<group>"; };
		449E8D45177EC71700CB3065 /* SDWebImageDownloaderDelegate.h */ = {isa = PBXFileReference; fileEncoding = 4; lastKnownFileType = sourcecode.c.h; path = SDWebImageDownloaderDelegate.h; sourceTree = "<group>"; };
		449E8D46177EC71700CB3065 /* SDWebImageManager.h */ = {isa = PBXFileReference; fileEncoding = 4; lastKnownFileType = sourcecode.c.h; path = SDWebImageManager.h; sourceTree = "<group>"; };
		449E8D47177EC71700CB3065 /* SDWebImageManager.m */ = {isa = PBXFileReference; fileEncoding = 4; lastKnownFileType = sourcecode.c.objc; path = SDWebImageManager.m; sourceTree = "<group>"; };
		449E8D48177EC71700CB3065 /* SDWebImageManagerDelegate.h */ = {isa = PBXFileReference; fileEncoding = 4; lastKnownFileType = sourcecode.c.h; path = SDWebImageManagerDelegate.h; sourceTree = "<group>"; };
		449E8D49177EC71700CB3065 /* SDWebImagePrefetcher.h */ = {isa = PBXFileReference; fileEncoding = 4; lastKnownFileType = sourcecode.c.h; path = SDWebImagePrefetcher.h; sourceTree = "<group>"; };
		449E8D4A177EC71700CB3065 /* SDWebImagePrefetcher.m */ = {isa = PBXFileReference; fileEncoding = 4; lastKnownFileType = sourcecode.c.objc; path = SDWebImagePrefetcher.m; sourceTree = "<group>"; };
		449E8D4B177EC71700CB3065 /* UIButton+WebCache.h */ = {isa = PBXFileReference; fileEncoding = 4; lastKnownFileType = sourcecode.c.h; path = "UIButton+WebCache.h"; sourceTree = "<group>"; };
		449E8D4C177EC71700CB3065 /* UIButton+WebCache.m */ = {isa = PBXFileReference; fileEncoding = 4; lastKnownFileType = sourcecode.c.objc; path = "UIButton+WebCache.m"; sourceTree = "<group>"; };
		449E8D4D177EC71700CB3065 /* UIImageView+WebCache.h */ = {isa = PBXFileReference; fileEncoding = 4; lastKnownFileType = sourcecode.c.h; path = "UIImageView+WebCache.h"; sourceTree = "<group>"; };
		449E8D4E177EC71700CB3065 /* UIImageView+WebCache.m */ = {isa = PBXFileReference; fileEncoding = 4; lastKnownFileType = sourcecode.c.objc; path = "UIImageView+WebCache.m"; sourceTree = "<group>"; };
		449E8D56177ECDDC00CB3065 /* ImageIO.framework */ = {isa = PBXFileReference; lastKnownFileType = wrapper.framework; name = ImageIO.framework; path = System/Library/Frameworks/ImageIO.framework; sourceTree = SDKROOT; };
		449E9140177E731400D39119 /* CoreLocation.framework */ = {isa = PBXFileReference; lastKnownFileType = wrapper.framework; name = CoreLocation.framework; path = System/Library/Frameworks/CoreLocation.framework; sourceTree = SDKROOT; };
		449E9142177E732A00D39119 /* CoreTelephony.framework */ = {isa = PBXFileReference; lastKnownFileType = wrapper.framework; name = CoreTelephony.framework; path = System/Library/Frameworks/CoreTelephony.framework; sourceTree = SDKROOT; };
		449E9144177E733A00D39119 /* StoreKit.framework */ = {isa = PBXFileReference; lastKnownFileType = wrapper.framework; name = StoreKit.framework; path = System/Library/Frameworks/StoreKit.framework; sourceTree = SDKROOT; };
		449E9146177E739500D39119 /* MessageUI.framework */ = {isa = PBXFileReference; lastKnownFileType = wrapper.framework; name = MessageUI.framework; path = System/Library/Frameworks/MessageUI.framework; sourceTree = SDKROOT; };
		449E92CC177EBBF300D39119 /* ASIHttpFrameWork.framework */ = {isa = PBXFileReference; lastKnownFileType = wrapper.framework; name = ASIHttpFrameWork.framework; path = ../SCCommon/Vender/ASIHttpFrameWork.framework; sourceTree = "<group>"; };
		449E92CF177EBF5000D39119 /* NetASIAdapter.h */ = {isa = PBXFileReference; fileEncoding = 4; lastKnownFileType = sourcecode.c.h; path = NetASIAdapter.h; sourceTree = "<group>"; };
		449E92D0177EBF5000D39119 /* NetASIAdapter.m */ = {isa = PBXFileReference; fileEncoding = 4; lastKnownFileType = sourcecode.c.objc; path = NetASIAdapter.m; sourceTree = "<group>"; };
		449E92D1177EBF5000D39119 /* NetBaseAdapter.h */ = {isa = PBXFileReference; fileEncoding = 4; lastKnownFileType = sourcecode.c.h; path = NetBaseAdapter.h; sourceTree = "<group>"; };
		449E92D2177EBF5000D39119 /* NetBaseAdapter.m */ = {isa = PBXFileReference; fileEncoding = 4; lastKnownFileType = sourcecode.c.objc; path = NetBaseAdapter.m; sourceTree = "<group>"; };
		449E92D3177EBF5000D39119 /* NetServiceFace.h */ = {isa = PBXFileReference; fileEncoding = 4; lastKnownFileType = sourcecode.c.h; path = NetServiceFace.h; sourceTree = "<group>"; };
		449E92D4177EBF5000D39119 /* NetServiceFace.m */ = {isa = PBXFileReference; fileEncoding = 4; lastKnownFileType = sourcecode.c.objc; path = NetServiceFace.m; sourceTree = "<group>"; };
		449E92D5177EBF5000D39119 /* NetServiceManager.h */ = {isa = PBXFileReference; fileEncoding = 4; lastKnownFileType = sourcecode.c.h; path = NetServiceManager.h; sourceTree = "<group>"; };
		449E92D6177EBF5000D39119 /* NetServiceManager.m */ = {isa = PBXFileReference; fileEncoding = 4; lastKnownFileType = sourcecode.c.objc; path = NetServiceManager.m; sourceTree = "<group>"; };
		449E92DB177EE94300D39119 /* icon@2x.png */ = {isa = PBXFileReference; lastKnownFileType = image.png; path = "icon@2x.png"; sourceTree = "<group>"; };
		449E92DD177EE97E00D39119 /* icon.png */ = {isa = PBXFileReference; lastKnownFileType = image.png; path = icon.png; sourceTree = "<group>"; };
		449E93C0178166620099A91C /* BaseItemData.h */ = {isa = PBXFileReference; fileEncoding = 4; lastKnownFileType = sourcecode.c.h; path = BaseItemData.h; sourceTree = "<group>"; };
		449E93C1178166620099A91C /* BaseItemData.m */ = {isa = PBXFileReference; fileEncoding = 4; lastKnownFileType = sourcecode.c.objc; path = BaseItemData.m; sourceTree = "<group>"; };
		449E93C4178166620099A91C /* BaseResponse.h */ = {isa = PBXFileReference; fileEncoding = 4; lastKnownFileType = sourcecode.c.h; path = BaseResponse.h; sourceTree = "<group>"; };
		449E93C5178166620099A91C /* BaseResponse.m */ = {isa = PBXFileReference; fileEncoding = 4; lastKnownFileType = sourcecode.c.objc; path = BaseResponse.m; sourceTree = "<group>"; };
		449E93C8178168700099A91C /* BaseListResponse.h */ = {isa = PBXFileReference; fileEncoding = 4; lastKnownFileType = sourcecode.c.h; path = BaseListResponse.h; sourceTree = "<group>"; };
		449E93C9178168700099A91C /* BaseListResponse.m */ = {isa = PBXFileReference; fileEncoding = 4; lastKnownFileType = sourcecode.c.objc; path = BaseListResponse.m; sourceTree = "<group>"; };
		449E93CB178168E80099A91C /* ListResponse.h */ = {isa = PBXFileReference; fileEncoding = 4; lastKnownFileType = sourcecode.c.h; path = ListResponse.h; sourceTree = "<group>"; };
		449E93CC178168E80099A91C /* ListResponse.m */ = {isa = PBXFileReference; fileEncoding = 4; lastKnownFileType = sourcecode.c.objc; path = ListResponse.m; sourceTree = "<group>"; };
		449E93D1178169440099A91C /* QiushiItem.h */ = {isa = PBXFileReference; fileEncoding = 4; lastKnownFileType = sourcecode.c.h; path = QiushiItem.h; sourceTree = "<group>"; };
		449E93D2178169440099A91C /* QiushiItem.m */ = {isa = PBXFileReference; fileEncoding = 4; lastKnownFileType = sourcecode.c.objc; path = QiushiItem.m; sourceTree = "<group>"; };
		449E93D41781715B0099A91C /* BaseTableView.h */ = {isa = PBXFileReference; fileEncoding = 4; lastKnownFileType = sourcecode.c.h; path = BaseTableView.h; sourceTree = "<group>"; };
		449E93D51781715B0099A91C /* BaseTableView.m */ = {isa = PBXFileReference; fileEncoding = 4; lastKnownFileType = sourcecode.c.objc; path = BaseTableView.m; sourceTree = "<group>"; };
		449E93D7178171CF0099A91C /* MainTableView.h */ = {isa = PBXFileReference; fileEncoding = 4; lastKnownFileType = sourcecode.c.h; path = MainTableView.h; sourceTree = "<group>"; };
		449E93D8178171CF0099A91C /* MainTableView.m */ = {isa = PBXFileReference; fileEncoding = 4; lastKnownFileType = sourcecode.c.objc; path = MainTableView.m; sourceTree = "<group>"; };
		449E93DB178172120099A91C /* blueArrow.png */ = {isa = PBXFileReference; lastKnownFileType = image.png; path = blueArrow.png; sourceTree = "<group>"; };
		449E93DC178172120099A91C /* blueArrow@2x.png */ = {isa = PBXFileReference; lastKnownFileType = image.png; path = "blueArrow@2x.png"; sourceTree = "<group>"; };
		449E93DD178172120099A91C /* SCEXTableView.h */ = {isa = PBXFileReference; fileEncoding = 4; lastKnownFileType = sourcecode.c.h; path = SCEXTableView.h; sourceTree = "<group>"; };
		449E93DE178172120099A91C /* SCEXTableView.m */ = {isa = PBXFileReference; fileEncoding = 4; lastKnownFileType = sourcecode.c.objc; path = SCEXTableView.m; sourceTree = "<group>"; };
		449E93DF178172120099A91C /* SCFullScreenScroll.h */ = {isa = PBXFileReference; fileEncoding = 4; lastKnownFileType = sourcecode.c.h; path = SCFullScreenScroll.h; sourceTree = "<group>"; };
		449E93E0178172120099A91C /* SCFullScreenScroll.m */ = {isa = PBXFileReference; fileEncoding = 4; lastKnownFileType = sourcecode.c.objc; path = SCFullScreenScroll.m; sourceTree = "<group>"; };
		449E93E1178172120099A91C /* SCRefreshTableHeader.h */ = {isa = PBXFileReference; fileEncoding = 4; lastKnownFileType = sourcecode.c.h; path = SCRefreshTableHeader.h; sourceTree = "<group>"; };
		449E93E2178172120099A91C /* SCRefreshTableHeader.m */ = {isa = PBXFileReference; fileEncoding = 4; lastKnownFileType = sourcecode.c.objc; path = SCRefreshTableHeader.m; sourceTree = "<group>"; };
		449E93E3178172120099A91C /* SCScrollViewDecorate.h */ = {isa = PBXFileReference; fileEncoding = 4; lastKnownFileType = sourcecode.c.h; path = SCScrollViewDecorate.h; sourceTree = "<group>"; };
		449E93E4178172120099A91C /* SCScrollViewDecorate.m */ = {isa = PBXFileReference; fileEncoding = 4; lastKnownFileType = sourcecode.c.objc; path = SCScrollViewDecorate.m; sourceTree = "<group>"; };
		449E93EB178173F80099A91C /* MainTableCell.h */ = {isa = PBXFileReference; fileEncoding = 4; lastKnownFileType = sourcecode.c.h; path = MainTableCell.h; sourceTree = "<group>"; };
		449E93EC178173F80099A91C /* MainTableCell.m */ = {isa = PBXFileReference; fileEncoding = 4; lastKnownFileType = sourcecode.c.objc; path = MainTableCell.m; sourceTree = "<group>"; };
		44A0629D1782784B00BD2251 /* DetailViewController.h */ = {isa = PBXFileReference; fileEncoding = 4; lastKnownFileType = sourcecode.c.h; path = DetailViewController.h; sourceTree = "<group>"; };
		44A0629E1782784B00BD2251 /* DetailViewController.m */ = {isa = PBXFileReference; fileEncoding = 4; lastKnownFileType = sourcecode.c.objc; path = DetailViewController.m; sourceTree = "<group>"; };
		44A062A117827BEB00BD2251 /* MLResource.bundle */ = {isa = PBXFileReference; lastKnownFileType = "wrapper.plug-in"; name = MLResource.bundle; path = ../../../SCUtility/SCUtility/Widget/MLNavigation/MLResource.bundle; sourceTree = "<group>"; };
		44A4682C178501C500022568 /* icon_comment@2x.png */ = {isa = PBXFileReference; lastKnownFileType = image.png; path = "icon_comment@2x.png"; sourceTree = "<group>"; };
		44A4682E178509C200022568 /* icon_fav_active@2x.png */ = {isa = PBXFileReference; lastKnownFileType = image.png; path = "icon_fav_active@2x.png"; sourceTree = "<group>"; };
		44A4682F178509C200022568 /* icon_fav_enable@2x.png */ = {isa = PBXFileReference; lastKnownFileType = image.png; path = "icon_fav_enable@2x.png"; sourceTree = "<group>"; };
		44A468331785200C00022568 /* libMobiSageRecommend.a */ = {isa = PBXFileReference; lastKnownFileType = archive.ar; path = libMobiSageRecommend.a; sourceTree = "<group>"; };
		44A468341785200C00022568 /* MobiSageRecommendBundle.bundle */ = {isa = PBXFileReference; lastKnownFileType = "wrapper.plug-in"; path = MobiSageRecommendBundle.bundle; sourceTree = "<group>"; };
		44A4683717854AE400022568 /* CommentTableView.h */ = {isa = PBXFileReference; fileEncoding = 4; lastKnownFileType = sourcecode.c.h; path = CommentTableView.h; sourceTree = "<group>"; };
		44A4683817854AE400022568 /* CommentTableView.m */ = {isa = PBXFileReference; fileEncoding = 4; lastKnownFileType = sourcecode.c.objc; path = CommentTableView.m; sourceTree = "<group>"; };
		44A4683A17854B5400022568 /* CommentTableCell.h */ = {isa = PBXFileReference; fileEncoding = 4; lastKnownFileType = sourcecode.c.h; path = CommentTableCell.h; sourceTree = "<group>"; };
		44A4683B17854B5500022568 /* CommentTableCell.m */ = {isa = PBXFileReference; fileEncoding = 4; lastKnownFileType = sourcecode.c.objc; path = CommentTableCell.m; sourceTree = "<group>"; };
		44A4683D178555AB00022568 /* CommentItem.h */ = {isa = PBXFileReference; fileEncoding = 4; lastKnownFileType = sourcecode.c.h; path = CommentItem.h; sourceTree = "<group>"; };
		44A4683E178555AB00022568 /* CommentItem.m */ = {isa = PBXFileReference; fileEncoding = 4; lastKnownFileType = sourcecode.c.objc; path = CommentItem.m; sourceTree = "<group>"; };
		44A46840178557A600022568 /* CommentResponse.h */ = {isa = PBXFileReference; fileEncoding = 4; lastKnownFileType = sourcecode.c.h; path = CommentResponse.h; sourceTree = "<group>"; };
		44A46841178557A600022568 /* CommentResponse.m */ = {isa = PBXFileReference; fileEncoding = 4; lastKnownFileType = sourcecode.c.objc; path = CommentResponse.m; sourceTree = "<group>"; };
		44B11EDA17898E7C00C9F565 /* GAI.h */ = {isa = PBXFileReference; fileEncoding = 4; lastKnownFileType = sourcecode.c.h; path = GAI.h; sourceTree = "<group>"; };
		44B11EDB17898E7C00C9F565 /* GAITrackedViewController.h */ = {isa = PBXFileReference; fileEncoding = 4; lastKnownFileType = sourcecode.c.h; path = GAITrackedViewController.h; sourceTree = "<group>"; };
		44B11EDC17898E7C00C9F565 /* GAITracker.h */ = {isa = PBXFileReference; fileEncoding = 4; lastKnownFileType = sourcecode.c.h; path = GAITracker.h; sourceTree = "<group>"; };
		44B11EDD17898E7C00C9F565 /* GAITransaction.h */ = {isa = PBXFileReference; fileEncoding = 4; lastKnownFileType = sourcecode.c.h; path = GAITransaction.h; sourceTree = "<group>"; };
		44B11EDE17898E7C00C9F565 /* GAITransactionItem.h */ = {isa = PBXFileReference; fileEncoding = 4; lastKnownFileType = sourcecode.c.h; path = GAITransactionItem.h; sourceTree = "<group>"; };
		44B11EDF17898E7C00C9F565 /* libGoogleAnalytics.a */ = {isa = PBXFileReference; lastKnownFileType = archive.ar; path = libGoogleAnalytics.a; sourceTree = "<group>"; };
		44B11EE317898F4000C9F565 /* DataTracker.h */ = {isa = PBXFileReference; fileEncoding = 4; lastKnownFileType = sourcecode.c.h; path = DataTracker.h; sourceTree = "<group>"; };
		44B11EE417898F4000C9F565 /* DataTracker.m */ = {isa = PBXFileReference; fileEncoding = 4; lastKnownFileType = sourcecode.c.objc; path = DataTracker.m; sourceTree = "<group>"; };
		44B11EE7178992AA00C9F565 /* TrackerDefine.h */ = {isa = PBXFileReference; fileEncoding = 4; lastKnownFileType = sourcecode.c.h; path = TrackerDefine.h; sourceTree = "<group>"; };
		44B11EEA1789956200C9F565 /* CoreData.framework */ = {isa = PBXFileReference; lastKnownFileType = wrapper.framework; name = CoreData.framework; path = System/Library/Frameworks/CoreData.framework; sourceTree = SDKROOT; };
		44B55CA117811D7400008A2E /* AudioToolbox.framework */ = {isa = PBXFileReference; lastKnownFileType = wrapper.framework; name = AudioToolbox.framework; path = System/Library/Frameworks/AudioToolbox.framework; sourceTree = SDKROOT; };
		44B55CA317811E0D00008A2E /* AdSupport.framework */ = {isa = PBXFileReference; lastKnownFileType = wrapper.framework; name = AdSupport.framework; path = System/Library/Frameworks/AdSupport.framework; sourceTree = SDKROOT; };
		44BC419E178403C2004CF8A9 /* divider_line_bold@2x.png */ = {isa = PBXFileReference; lastKnownFileType = image.png; path = "divider_line_bold@2x.png"; sourceTree = "<group>"; };
		44BC419F178403C2004CF8A9 /* divider_line@2x.png */ = {isa = PBXFileReference; lastKnownFileType = image.png; path = "divider_line@2x.png"; sourceTree = "<group>"; };
		44BC41A217840418004CF8A9 /* DetailTopView.h */ = {isa = PBXFileReference; fileEncoding = 4; lastKnownFileType = sourcecode.c.h; path = DetailTopView.h; sourceTree = "<group>"; };
		44BC41A317840418004CF8A9 /* DetailTopView.m */ = {isa = PBXFileReference; fileEncoding = 4; lastKnownFileType = sourcecode.c.objc; path = DetailTopView.m; sourceTree = "<group>"; };
		44BC41A6178411E6004CF8A9 /* ImageCountButton.h */ = {isa = PBXFileReference; fileEncoding = 4; lastKnownFileType = sourcecode.c.h; path = ImageCountButton.h; sourceTree = "<group>"; };
		44BC41A7178411E6004CF8A9 /* ImageCountButton.m */ = {isa = PBXFileReference; fileEncoding = 4; lastKnownFileType = sourcecode.c.objc; path = ImageCountButton.m; sourceTree = "<group>"; };
		44BC41A9178412E2004CF8A9 /* default_content_image@2x.png */ = {isa = PBXFileReference; lastKnownFileType = image.png; path = "default_content_image@2x.png"; sourceTree = "<group>"; };
		44BC41AB17842803004CF8A9 /* icon_against@2x.png */ = {isa = PBXFileReference; lastKnownFileType = image.png; path = "icon_against@2x.png"; sourceTree = "<group>"; };
		44BC41AC17842803004CF8A9 /* icon_like@2x.png */ = {isa = PBXFileReference; lastKnownFileType = image.png; path = "icon_like@2x.png"; sourceTree = "<group>"; };
		44C04F2F1774535E005AA1D7 /* SCQiushi.app */ = {isa = PBXFileReference; explicitFileType = wrapper.application; includeInIndex = 0; path = SCQiushi.app; sourceTree = BUILT_PRODUCTS_DIR; };
		44C04F321774535E005AA1D7 /* UIKit.framework */ = {isa = PBXFileReference; lastKnownFileType = wrapper.framework; name = UIKit.framework; path = System/Library/Frameworks/UIKit.framework; sourceTree = SDKROOT; };
		44C04F341774535E005AA1D7 /* Foundation.framework */ = {isa = PBXFileReference; lastKnownFileType = wrapper.framework; name = Foundation.framework; path = System/Library/Frameworks/Foundation.framework; sourceTree = SDKROOT; };
		44C04F361774535E005AA1D7 /* CoreGraphics.framework */ = {isa = PBXFileReference; lastKnownFileType = wrapper.framework; name = CoreGraphics.framework; path = System/Library/Frameworks/CoreGraphics.framework; sourceTree = SDKROOT; };
		44C04F441774535E005AA1D7 /* Default.png */ = {isa = PBXFileReference; lastKnownFileType = image.png; path = Default.png; sourceTree = "<group>"; };
		44C04F461774535F005AA1D7 /* Default@2x.png */ = {isa = PBXFileReference; lastKnownFileType = image.png; path = "Default@2x.png"; sourceTree = "<group>"; };
		44C04F481774535F005AA1D7 /* Default-568h@2x.png */ = {isa = PBXFileReference; lastKnownFileType = image.png; path = "Default-568h@2x.png"; sourceTree = "<group>"; };
		44C04F551774535F005AA1D7 /* SCQiushiTests.octest */ = {isa = PBXFileReference; explicitFileType = wrapper.cfbundle; includeInIndex = 0; path = SCQiushiTests.octest; sourceTree = BUILT_PRODUCTS_DIR; };
		44C04F561774535F005AA1D7 /* SenTestingKit.framework */ = {isa = PBXFileReference; lastKnownFileType = wrapper.framework; name = SenTestingKit.framework; path = Library/Frameworks/SenTestingKit.framework; sourceTree = DEVELOPER_DIR; };
		44C04F5E1774535F005AA1D7 /* SCQiushiTests-Info.plist */ = {isa = PBXFileReference; lastKnownFileType = text.plist.xml; path = "SCQiushiTests-Info.plist"; sourceTree = "<group>"; };
		44C04F601774535F005AA1D7 /* en */ = {isa = PBXFileReference; lastKnownFileType = text.plist.strings; name = en; path = en.lproj/InfoPlist.strings; sourceTree = "<group>"; };
		44C04F621774535F005AA1D7 /* SCQiushiTests.h */ = {isa = PBXFileReference; lastKnownFileType = sourcecode.c.h; path = SCQiushiTests.h; sourceTree = "<group>"; };
		44C04F631774535F005AA1D7 /* SCQiushiTests.m */ = {isa = PBXFileReference; lastKnownFileType = sourcecode.c.objc; path = SCQiushiTests.m; sourceTree = "<group>"; };
		44C04F6F17745410005AA1D7 /* AppDelegate.h */ = {isa = PBXFileReference; fileEncoding = 4; lastKnownFileType = sourcecode.c.h; path = AppDelegate.h; sourceTree = "<group>"; };
		44C04F7017745410005AA1D7 /* AppDelegate.m */ = {isa = PBXFileReference; fileEncoding = 4; lastKnownFileType = sourcecode.c.objc; path = AppDelegate.m; sourceTree = "<group>"; };
		44C04F7317745430005AA1D7 /* ViewController.h */ = {isa = PBXFileReference; fileEncoding = 4; lastKnownFileType = sourcecode.c.h; path = ViewController.h; sourceTree = "<group>"; };
		44C04F7417745430005AA1D7 /* ViewController.m */ = {isa = PBXFileReference; fileEncoding = 4; lastKnownFileType = sourcecode.c.objc; path = ViewController.m; sourceTree = "<group>"; };
		44C04F7617745455005AA1D7 /* SCQiushi-Info.plist */ = {isa = PBXFileReference; fileEncoding = 4; lastKnownFileType = text.plist.xml; name = "SCQiushi-Info.plist"; path = "Supporting/SCQiushi-Info.plist"; sourceTree = "<group>"; };
		44C04F7717745455005AA1D7 /* SCQiushi-Prefix.pch */ = {isa = PBXFileReference; fileEncoding = 4; lastKnownFileType = sourcecode.c.h; name = "SCQiushi-Prefix.pch"; path = "Supporting/SCQiushi-Prefix.pch"; sourceTree = "<group>"; };
		44C04F7917745471005AA1D7 /* main.m */ = {isa = PBXFileReference; fileEncoding = 4; lastKnownFileType = sourcecode.c.objc; name = main.m; path = Supporting/main.m; sourceTree = "<group>"; };
		44C04F7C177454A0005AA1D7 /* en */ = {isa = PBXFileReference; lastKnownFileType = text.plist.strings; name = en; path = Supporting/en.lproj/InfoPlist.strings; sourceTree = "<group>"; };
		44C04F7F177454A6005AA1D7 /* en */ = {isa = PBXFileReference; lastKnownFileType = file.xib; name = en; path = SCQiushi/Supporting/en.lproj/ViewController.xib; sourceTree = SOURCE_ROOT; };
		44C04F8F1774587E005AA1D7 /* libSCUtility.a */ = {isa = PBXFileReference; lastKnownFileType = archive.ar; name = libSCUtility.a; path = "/Users/Jarry/Library/Developer/Xcode/DerivedData/SCMobile-hdotichnjqwybtaedyexwkfvqnuu/Build/Products/Debug-iphoneos/libSCUtility.a"; sourceTree = "<absolute>"; };
		44C04F9317745902005AA1D7 /* CFNetwork.framework */ = {isa = PBXFileReference; lastKnownFileType = wrapper.framework; name = CFNetwork.framework; path = System/Library/Frameworks/CFNetwork.framework; sourceTree = SDKROOT; };
		44C04F9517745909005AA1D7 /* QuartzCore.framework */ = {isa = PBXFileReference; lastKnownFileType = wrapper.framework; name = QuartzCore.framework; path = System/Library/Frameworks/QuartzCore.framework; sourceTree = SDKROOT; };
		44C04F971774591A005AA1D7 /* SystemConfiguration.framework */ = {isa = PBXFileReference; lastKnownFileType = wrapper.framework; name = SystemConfiguration.framework; path = System/Library/Frameworks/SystemConfiguration.framework; sourceTree = SDKROOT; };
		44C04F99177459BB005AA1D7 /* libz.1.2.5.dylib */ = {isa = PBXFileReference; lastKnownFileType = "compiled.mach-o.dylib"; name = libz.1.2.5.dylib; path = usr/lib/libz.1.2.5.dylib; sourceTree = SDKROOT; };
		44C04F9B177459D8005AA1D7 /* MobileCoreServices.framework */ = {isa = PBXFileReference; lastKnownFileType = wrapper.framework; name = MobileCoreServices.framework; path = System/Library/Frameworks/MobileCoreServices.framework; sourceTree = SDKROOT; };
/* End PBXFileReference section */

/* Begin PBXFrameworksBuildPhase section */
		44C04F2C1774535E005AA1D7 /* Frameworks */ = {
			isa = PBXFrameworksBuildPhase;
			buildActionMask = 2147483647;
			files = (
				44B11EEB1789956200C9F565 /* CoreData.framework in Frameworks */,
				449DF9051786B44800DD8690 /* Social.framework in Frameworks */,
				449DF9031786B44000DD8690 /* PassKit.framework in Frameworks */,
				449C25251783B3170097C28F /* MapKit.framework in Frameworks */,
				449C25231783B2F70097C28F /* Security.framework in Frameworks */,
				449C25211783B1EA0097C28F /* EventKit.framework in Frameworks */,
				44B55CA417811E0D00008A2E /* AdSupport.framework in Frameworks */,
				44B55CA217811D7400008A2E /* AudioToolbox.framework in Frameworks */,
				449E8D57177ECDDC00CB3065 /* ImageIO.framework in Frameworks */,
				449E9147177E739500D39119 /* MessageUI.framework in Frameworks */,
				449E9145177E733A00D39119 /* StoreKit.framework in Frameworks */,
				449E9143177E732A00D39119 /* CoreTelephony.framework in Frameworks */,
				449E9141177E731400D39119 /* CoreLocation.framework in Frameworks */,
				44C04F9C177459D8005AA1D7 /* MobileCoreServices.framework in Frameworks */,
				44C04F981774591A005AA1D7 /* SystemConfiguration.framework in Frameworks */,
				44C04F9617745909005AA1D7 /* QuartzCore.framework in Frameworks */,
				44C04F9417745902005AA1D7 /* CFNetwork.framework in Frameworks */,
				44C04F331774535E005AA1D7 /* UIKit.framework in Frameworks */,
				44C04F351774535E005AA1D7 /* Foundation.framework in Frameworks */,
				44C04F371774535E005AA1D7 /* CoreGraphics.framework in Frameworks */,
				449C251F1783B1C90097C28F /* libxml2.dylib in Frameworks */,
				44C04F9A177459BB005AA1D7 /* libz.1.2.5.dylib in Frameworks */,
				44C04F901774587E005AA1D7 /* libSCUtility.a in Frameworks */,
				449E92CD177EBBF300D39119 /* ASIHttpFrameWork.framework in Frameworks */,
				449E8D23177EC6C700CB3065 /* libMobiSageMediatorSDK.a in Frameworks */,
				449C022817812BDB00B4CB9A /* libGoogleAdMobAds.a in Frameworks */,
				449C251D1783B1450097C28F /* libAderSDK.a in Frameworks */,
				44A468351785200C00022568 /* libMobiSageRecommend.a in Frameworks */,
				449DF9011786B40700DD8690 /* libDomobAdSDK.a in Frameworks */,
				44B11EE017898E7C00C9F565 /* libGoogleAnalytics.a in Frameworks */,
			);
			runOnlyForDeploymentPostprocessing = 0;
		};
		44C04F511774535F005AA1D7 /* Frameworks */ = {
			isa = PBXFrameworksBuildPhase;
			buildActionMask = 2147483647;
			files = (
				44C04F571774535F005AA1D7 /* SenTestingKit.framework in Frameworks */,
				44C04F581774535F005AA1D7 /* UIKit.framework in Frameworks */,
				44C04F591774535F005AA1D7 /* Foundation.framework in Frameworks */,
			);
			runOnlyForDeploymentPostprocessing = 0;
		};
/* End PBXFrameworksBuildPhase section */

/* Begin PBXGroup section */
		449C021917812BA900B4CB9A /* Adater File */ = {
			isa = PBXGroup;
			children = (
				449DF8F51786B40700DD8690 /* Domob */,
				449C25141783B1450097C28F /* Ader */,
				449C021A17812BDB00B4CB9A /* AdMob */,
			);
			name = "Adater File";
			sourceTree = "<group>";
		};
		449C021A17812BDB00B4CB9A /* AdMob */ = {
			isa = PBXGroup;
			children = (
				449C021B17812BDB00B4CB9A /* AdSageAdapterAdMob.h */,
				449C021C17812BDB00B4CB9A /* AdSageAdapterAdMob.m */,
				449C021D17812BDB00B4CB9A /* GADAdMobExtras.h */,
				449C021E17812BDB00B4CB9A /* GADAdNetworkExtras.h */,
				449C021F17812BDB00B4CB9A /* GADAdSize.h */,
				449C022017812BDB00B4CB9A /* GADBannerView.h */,
				449C022117812BDB00B4CB9A /* GADBannerViewDelegate.h */,
				449C022217812BDB00B4CB9A /* GADInterstitial.h */,
				449C022317812BDB00B4CB9A /* GADInterstitialDelegate.h */,
				449C022417812BDB00B4CB9A /* GADRequest.h */,
				449C022517812BDB00B4CB9A /* GADRequestError.h */,
				449C022617812BDB00B4CB9A /* libGoogleAdMobAds.a */,
			);
			name = AdMob;
			path = "../../../SCCommon/Vender/MobiSage/lite/Adapter File/AdMob";
			sourceTree = "<group>";
		};
		449C25141783B1450097C28F /* Ader */ = {
			isa = PBXGroup;
			children = (
				449C25151783B1450097C28F /* AderDelegateProtocal.h */,
				449C25161783B1450097C28F /* AderInterstitial.h */,
				449C25171783B1450097C28F /* AderInterstitialDelegate.h */,
				449C25181783B1450097C28F /* AderSDK.h */,
				449C25191783B1450097C28F /* AdSageAdapterAder.h */,
				449C251A1783B1450097C28F /* AdSageAdapterAder.m */,
				449C251B1783B1450097C28F /* libAderSDK.a */,
			);
			name = Ader;
			path = "../../../SCCommon/Vender/MobiSage/lite/Adapter File/Ader";
			sourceTree = "<group>";
		};
		449D8D17177BCA5800D7CF78 /* Widget */ = {
			isa = PBXGroup;
			children = (
				44BC41A5178411AB004CF8A9 /* ImageButton */,
				449DF90C1787AFAD00DD8690 /* MBSpinningCircle */,
				449E93DA178172120099A91C /* PullRefreshWidget */,
				449E8D07177EC62C00CB3065 /* ImageBrowser */,
				449E8D0B177EC63B00CB3065 /* JASidePanel */,
			);
			path = Widget;
			sourceTree = "<group>";
		};
		449D8D1F177BD58F00D7CF78 /* Base */ = {
			isa = PBXGroup;
			children = (
				449D8D20177BD58F00D7CF78 /* BaseTitleViewController.h */,
				449D8D21177BD58F00D7CF78 /* BaseTitleViewController.m */,
				449D8D22177BD58F00D7CF78 /* BaseViewController.h */,
				449D8D23177BD58F00D7CF78 /* BaseViewController.m */,
				449E93D41781715B0099A91C /* BaseTableView.h */,
				449E93D51781715B0099A91C /* BaseTableView.m */,
			);
			path = Base;
			sourceTree = "<group>";
		};
		449D8D26177BD85B00D7CF78 /* Main */ = {
			isa = PBXGroup;
			children = (
				449D8D27177BD88600D7CF78 /* MainViewController.h */,
				449D8D28177BD88600D7CF78 /* MainViewController.m */,
				449DF8E21786730A00DD8690 /* FavoriteViewController.h */,
				449DF8E31786730A00DD8690 /* FavoriteViewController.m */,
				449E93D7178171CF0099A91C /* MainTableView.h */,
				449E93D8178171CF0099A91C /* MainTableView.m */,
				449E93EB178173F80099A91C /* MainTableCell.h */,
				449E93EC178173F80099A91C /* MainTableCell.m */,
				44A0629D1782784B00BD2251 /* DetailViewController.h */,
				44A0629E1782784B00BD2251 /* DetailViewController.m */,
				44BC41A217840418004CF8A9 /* DetailTopView.h */,
				44BC41A317840418004CF8A9 /* DetailTopView.m */,
				44A4683717854AE400022568 /* CommentTableView.h */,
				44A4683817854AE400022568 /* CommentTableView.m */,
				44A4683A17854B5400022568 /* CommentTableCell.h */,
				44A4683B17854B5500022568 /* CommentTableCell.m */,
			);
			path = Main;
			sourceTree = "<group>";
		};
		449D8D2A177BD8C400D7CF78 /* main */ = {
			isa = PBXGroup;
			children = (
				449D8D47177C2CD600D7CF78 /* main_background@2x.png */,
				449D8D2B177BD8C400D7CF78 /* navigation_bg@2x.png */,
				449D8D49177C37D100D7CF78 /* top_btn_menu@2x.png */,
				449D8D45177C01F800D7CF78 /* top_btn_back@2x.png */,
				449DF90A1786C84600DD8690 /* top_btn_close@2x.png */,
				449C022917830FA600B4CB9A /* default_icon@2x.jpg */,
				44BC41A9178412E2004CF8A9 /* default_content_image@2x.png */,
				449C25281783EDF20097C28F /* missing@2x.png */,
				44BC419E178403C2004CF8A9 /* divider_line_bold@2x.png */,
				44BC419F178403C2004CF8A9 /* divider_line@2x.png */,
				44BC41AB17842803004CF8A9 /* icon_against@2x.png */,
				44BC41AC17842803004CF8A9 /* icon_like@2x.png */,
				44A4682C178501C500022568 /* icon_comment@2x.png */,
				44A4682E178509C200022568 /* icon_fav_active@2x.png */,
				44A4682F178509C200022568 /* icon_fav_enable@2x.png */,
			);
			path = main;
			sourceTree = "<group>";
		};
		449D8D2C177BD8C400D7CF78 /* menu */ = {
			isa = PBXGroup;
			children = (
				449D8D32177BD8E100D7CF78 /* left_menu_bg@2x.png */,
				441F9020177D8CC200C66F97 /* left_menu_head_bg@2x.png */,
				441F9022177D8E9700C66F97 /* left_menu_cell_select@2x.png */,
				441F9024177D933300C66F97 /* left_menu_line1@2x.png */,
				441F9025177D933300C66F97 /* left_menu_line2@2x.png */,
				449D8D2E177BD8C400D7CF78 /* left_menu_seperator@2x.png */,
				449D8D4E177C433200D7CF78 /* left_menu_accessory@2x.png */,
			);
			path = menu;
			sourceTree = "<group>";
		};
		449D8D34177BD91000D7CF78 /* Menu */ = {
			isa = PBXGroup;
			children = (
				449D8D35177BD92300D7CF78 /* LeftMenuViewController.h */,
				449D8D36177BD92300D7CF78 /* LeftMenuViewController.m */,
				449D8D4B177C3F2400D7CF78 /* LeftMenuCell.h */,
				449D8D4C177C3F2400D7CF78 /* LeftMenuCell.m */,
			);
			path = Menu;
			sourceTree = "<group>";
		};
		449DF8F51786B40700DD8690 /* Domob */ = {
			isa = PBXGroup;
			children = (
				449DF8F61786B40700DD8690 /* AdSageAdapterDoMob.h */,
				449DF8F71786B40700DD8690 /* AdSageAdapterDoMob.m */,
				449DF8F81786B40700DD8690 /* DMAdView.h */,
				449DF8F91786B40700DD8690 /* DMInterstitialAdController.h */,
				449DF8FA1786B40700DD8690 /* DMSplashAdController.h */,
				449DF8FB1786B40700DD8690 /* DMTools.h */,
				449DF8FC1786B40700DD8690 /* DomobAdSDKBundle */,
				449DF8FE1786B40700DD8690 /* libDomobAdSDK.a */,
			);
			name = Domob;
			path = "../../../SCCommon/Vender/MobiSage/lite/Adapter File/Domob";
			sourceTree = "<group>";
		};
		449DF8FC1786B40700DD8690 /* DomobAdSDKBundle */ = {
			isa = PBXGroup;
			children = (
				449DF8FD1786B40700DD8690 /* DomobAdSDKBundle.bundle */,
			);
			path = DomobAdSDKBundle;
			sourceTree = "<group>";
		};
		449DF9061786C76E00DD8690 /* Setting */ = {
			isa = PBXGroup;
			children = (
				449DF9071786C78400DD8690 /* SettingViewController.h */,
				449DF9081786C78400DD8690 /* SettingViewController.m */,
			);
			path = Setting;
			sourceTree = "<group>";
		};
		449DF90C1787AFAD00DD8690 /* MBSpinningCircle */ = {
			isa = PBXGroup;
			children = (
				449DF90D1787AFAD00DD8690 /* MBSpinningCircle.h */,
				449DF90E1787AFAD00DD8690 /* MBSpinningCircle.m */,
			);
			name = MBSpinningCircle;
			path = ../../../SCCommon/Widget/MBSpinningCircle;
			sourceTree = "<group>";
		};
		449E8D07177EC62C00CB3065 /* ImageBrowser */ = {
			isa = PBXGroup;
			children = (
				449E8D08177EC62C00CB3065 /* SCImageBrowserView.h */,
				449E8D09177EC62C00CB3065 /* SCImageBrowserView.m */,
			);
			name = ImageBrowser;
			path = ../../../SCCommon/Widget/ImageBrowser;
			sourceTree = "<group>";
		};
		449E8D0B177EC63B00CB3065 /* JASidePanel */ = {
			isa = PBXGroup;
			children = (
				449E8D0C177EC63B00CB3065 /* JASidePanelController.h */,
				449E8D0D177EC63B00CB3065 /* JASidePanelController.m */,
				449E8D0E177EC63B00CB3065 /* UIViewController+JASidePanel.h */,
				449E8D0F177EC63B00CB3065 /* UIViewController+JASidePanel.m */,
			);
			name = JASidePanel;
			path = ../../../SCCommon/Widget/JASidePanel;
			sourceTree = "<group>";
		};
		449E8D21177EC6AE00CB3065 /* MobiSage */ = {
			isa = PBXGroup;
			children = (
				44A468321785200C00022568 /* Recommend */,
				449C021917812BA900B4CB9A /* Adater File */,
				449E8D22177EC6C700CB3065 /* libMobiSageMediatorSDK.a */,
				449E8D24177EC6D300CB3065 /* Public File */,
			);
			name = MobiSage;
			sourceTree = "<group>";
		};
		449E8D24177EC6D300CB3065 /* Public File */ = {
			isa = PBXGroup;
			children = (
				449E8D25177EC6D300CB3065 /* AdSageAdapter.h */,
				449E8D26177EC6D300CB3065 /* AdSageDelegate.h */,
				449E8D27177EC6D300CB3065 /* AdSageManager.h */,
				449E8D28177EC6D300CB3065 /* AdSageView.h */,
				449E8D29177EC6D300CB3065 /* MobiSageSDK.h */,
				449E8D31177EC6D300CB3065 /* Resources */,
			);
			name = "Public File";
			path = "../../../SCCommon/Vender/MobiSage/lite/Public File";
			sourceTree = "<group>";
		};
		449E8D31177EC6D300CB3065 /* Resources */ = {
			isa = PBXGroup;
			children = (
				449E8D32177EC6D300CB3065 /* CloseBannerBtn.png */,
				449E8D33177EC6D300CB3065 /* CloseBannerBtn@2x.png */,
				449E8D34177EC6D300CB3065 /* timeuptoclosefs_ipad.png */,
				449E8D35177EC6D300CB3065 /* timeuptoclosefs_iphone.png */,
			);
			path = Resources;
			sourceTree = "<group>";
		};
		449E8D3C177EC71700CB3065 /* SDWebImage */ = {
			isa = PBXGroup;
			children = (
				449E8D3D177EC71700CB3065 /* SDImageCache.h */,
				449E8D3E177EC71700CB3065 /* SDImageCache.m */,
				449E8D3F177EC71700CB3065 /* SDImageCacheDelegate.h */,
				449E8D40177EC71700CB3065 /* SDWebImageCompat.h */,
				449E8D41177EC71700CB3065 /* SDWebImageDecoder.h */,
				449E8D42177EC71700CB3065 /* SDWebImageDecoder.m */,
				449E8D43177EC71700CB3065 /* SDWebImageDownloader.h */,
				449E8D44177EC71700CB3065 /* SDWebImageDownloader.m */,
				449E8D45177EC71700CB3065 /* SDWebImageDownloaderDelegate.h */,
				449E8D46177EC71700CB3065 /* SDWebImageManager.h */,
				449E8D47177EC71700CB3065 /* SDWebImageManager.m */,
				449E8D48177EC71700CB3065 /* SDWebImageManagerDelegate.h */,
				449E8D49177EC71700CB3065 /* SDWebImagePrefetcher.h */,
				449E8D4A177EC71700CB3065 /* SDWebImagePrefetcher.m */,
				449E8D4B177EC71700CB3065 /* UIButton+WebCache.h */,
				449E8D4C177EC71700CB3065 /* UIButton+WebCache.m */,
				449E8D4D177EC71700CB3065 /* UIImageView+WebCache.h */,
				449E8D4E177EC71700CB3065 /* UIImageView+WebCache.m */,
			);
			name = SDWebImage;
			path = ../../../SCCommon/Vender/SDWebImage;
			sourceTree = "<group>";
		};
		449E9124177E70C900D39119 /* Vender */ = {
			isa = PBXGroup;
			children = (
				44B11ED917898E7C00C9F565 /* GoogleAnalytics */,
				449E8D3C177EC71700CB3065 /* SDWebImage */,
				449E8D21177EC6AE00CB3065 /* MobiSage */,
			);
			path = Vender;
			sourceTree = "<group>";
		};
		449E92CE177EBF5000D39119 /* NetAdapter */ = {
			isa = PBXGroup;
			children = (
				449E92D3177EBF5000D39119 /* NetServiceFace.h */,
				449E92D4177EBF5000D39119 /* NetServiceFace.m */,
				449E92CF177EBF5000D39119 /* NetASIAdapter.h */,
				449E92D0177EBF5000D39119 /* NetASIAdapter.m */,
				449E92D1177EBF5000D39119 /* NetBaseAdapter.h */,
				449E92D2177EBF5000D39119 /* NetBaseAdapter.m */,
				449E92D5177EBF5000D39119 /* NetServiceManager.h */,
				449E92D6177EBF5000D39119 /* NetServiceManager.m */,
			);
			path = NetAdapter;
			sourceTree = "<group>";
		};
		449E93BE178166620099A91C /* Model */ = {
			isa = PBXGroup;
			children = (
				449E93C2178166620099A91C /* Request */,
				449E93C3178166620099A91C /* Response */,
				449E93BF178166620099A91C /* ItemsData */,
			);
			path = Model;
			sourceTree = "<group>";
		};
		449E93BF178166620099A91C /* ItemsData */ = {
			isa = PBXGroup;
			children = (
				449E93C0178166620099A91C /* BaseItemData.h */,
				449E93C1178166620099A91C /* BaseItemData.m */,
				449E93D1178169440099A91C /* QiushiItem.h */,
				449E93D2178169440099A91C /* QiushiItem.m */,
				44A4683D178555AB00022568 /* CommentItem.h */,
				44A4683E178555AB00022568 /* CommentItem.m */,
			);
			path = ItemsData;
			sourceTree = "<group>";
		};
		449E93C2178166620099A91C /* Request */ = {
			isa = PBXGroup;
			children = (
				449DF8DD17866E7400DD8690 /* BaseRequest.h */,
				449DF8DC17866E7400DD8690 /* BaseRequest.m */,
				449DF8DF17866EFB00DD8690 /* PagingRequest.h */,
				449DF8E017866EFB00DD8690 /* PagingRequest.m */,
			);
			path = Request;
			sourceTree = "<group>";
		};
		449E93C3178166620099A91C /* Response */ = {
			isa = PBXGroup;
			children = (
				449E93C4178166620099A91C /* BaseResponse.h */,
				449E93C5178166620099A91C /* BaseResponse.m */,
				449E93C8178168700099A91C /* BaseListResponse.h */,
				449E93C9178168700099A91C /* BaseListResponse.m */,
				449E93CB178168E80099A91C /* ListResponse.h */,
				449E93CC178168E80099A91C /* ListResponse.m */,
				44A46840178557A600022568 /* CommentResponse.h */,
				44A46841178557A600022568 /* CommentResponse.m */,
			);
			path = Response;
			sourceTree = "<group>";
		};
		449E93DA178172120099A91C /* PullRefreshWidget */ = {
			isa = PBXGroup;
			children = (
				449E93DB178172120099A91C /* blueArrow.png */,
				449E93DC178172120099A91C /* blueArrow@2x.png */,
				449E93DD178172120099A91C /* SCEXTableView.h */,
				449E93DE178172120099A91C /* SCEXTableView.m */,
				449E93DF178172120099A91C /* SCFullScreenScroll.h */,
				449E93E0178172120099A91C /* SCFullScreenScroll.m */,
				449E93E1178172120099A91C /* SCRefreshTableHeader.h */,
				449E93E2178172120099A91C /* SCRefreshTableHeader.m */,
				449E93E3178172120099A91C /* SCScrollViewDecorate.h */,
				449E93E4178172120099A91C /* SCScrollViewDecorate.m */,
			);
			name = PullRefreshWidget;
			path = ../../../SCCommon/Widget/PullRefreshWidget;
			sourceTree = "<group>";
		};
		44A062A017827BD200BD2251 /* others */ = {
			isa = PBXGroup;
			children = (
				449C25261783B33A0097C28F /* SVProgressHUD.bundle */,
				44A062A117827BEB00BD2251 /* MLResource.bundle */,
			);
			name = others;
			sourceTree = "<group>";
		};
		44A468321785200C00022568 /* Recommend */ = {
			isa = PBXGroup;
			children = (
				44A468331785200C00022568 /* libMobiSageRecommend.a */,
				44A468341785200C00022568 /* MobiSageRecommendBundle.bundle */,
			);
			name = Recommend;
			path = "../../../SCCommon/Vender/MobiSage/lite/Other File/Recommend";
			sourceTree = "<group>";
		};
		44B11ED917898E7C00C9F565 /* GoogleAnalytics */ = {
			isa = PBXGroup;
			children = (
				44B11EDA17898E7C00C9F565 /* GAI.h */,
				44B11EDB17898E7C00C9F565 /* GAITrackedViewController.h */,
				44B11EDC17898E7C00C9F565 /* GAITracker.h */,
				44B11EDD17898E7C00C9F565 /* GAITransaction.h */,
				44B11EDE17898E7C00C9F565 /* GAITransactionItem.h */,
				44B11EDF17898E7C00C9F565 /* libGoogleAnalytics.a */,
			);
			name = GoogleAnalytics;
			path = ../../../SCCommon/Vender/GoogleAnalytics;
			sourceTree = "<group>";
		};
		44B11EE117898F2000C9F565 /* Utility */ = {
			isa = PBXGroup;
			children = (
				44B11EE217898F4000C9F565 /* DataTracker */,
			);
			name = Utility;
			path = Classes;
			sourceTree = "<group>";
		};
		44B11EE217898F4000C9F565 /* DataTracker */ = {
			isa = PBXGroup;
			children = (
				44B11EE317898F4000C9F565 /* DataTracker.h */,
				44B11EE417898F4000C9F565 /* DataTracker.m */,
			);
			name = DataTracker;
			path = ../../../SCCommon/Utility/DataTracker;
			sourceTree = "<group>";
		};
		44B11EE61789924300C9F565 /* Global */ = {
			isa = PBXGroup;
			children = (
				44B11EE7178992AA00C9F565 /* TrackerDefine.h */,
			);
			path = Global;
			sourceTree = "<group>";
		};
		44BC41A5178411AB004CF8A9 /* ImageButton */ = {
			isa = PBXGroup;
			children = (
				44BC41A6178411E6004CF8A9 /* ImageCountButton.h */,
				44BC41A7178411E6004CF8A9 /* ImageCountButton.m */,
			);
			path = ImageButton;
			sourceTree = "<group>";
		};
		44C04F261774535E005AA1D7 = {
			isa = PBXGroup;
			children = (
				449E92DD177EE97E00D39119 /* icon.png */,
				449E92DB177EE94300D39119 /* icon@2x.png */,
				44C04F381774535E005AA1D7 /* SCQiushi */,
				44C04F5C1774535F005AA1D7 /* SCQiushiTests */,
				44C04F311774535E005AA1D7 /* Frameworks */,
				44C04F301774535E005AA1D7 /* Products */,
			);
			sourceTree = "<group>";
		};
		44C04F301774535E005AA1D7 /* Products */ = {
			isa = PBXGroup;
			children = (
				44C04F2F1774535E005AA1D7 /* SCQiushi.app */,
				44C04F551774535F005AA1D7 /* SCQiushiTests.octest */,
			);
			name = Products;
			sourceTree = "<group>";
		};
		44C04F311774535E005AA1D7 /* Frameworks */ = {
			isa = PBXGroup;
			children = (
				44C04F6D17745377005AA1D7 /* libs */,
				44C04F99177459BB005AA1D7 /* libz.1.2.5.dylib */,
				449C251E1783B1C90097C28F /* libxml2.dylib */,
				44B11EEA1789956200C9F565 /* CoreData.framework */,
				449DF9041786B44700DD8690 /* Social.framework */,
				449DF9021786B44000DD8690 /* PassKit.framework */,
				449C25241783B3170097C28F /* MapKit.framework */,
				449C25221783B2F70097C28F /* Security.framework */,
				449C25201783B1EA0097C28F /* EventKit.framework */,
				44B55CA317811E0D00008A2E /* AdSupport.framework */,
				44B55CA117811D7400008A2E /* AudioToolbox.framework */,
				449E8D56177ECDDC00CB3065 /* ImageIO.framework */,
				449E9146177E739500D39119 /* MessageUI.framework */,
				449E9144177E733A00D39119 /* StoreKit.framework */,
				449E9142177E732A00D39119 /* CoreTelephony.framework */,
				449E9140177E731400D39119 /* CoreLocation.framework */,
				44C04F9B177459D8005AA1D7 /* MobileCoreServices.framework */,
				44C04F971774591A005AA1D7 /* SystemConfiguration.framework */,
				44C04F9517745909005AA1D7 /* QuartzCore.framework */,
				44C04F9317745902005AA1D7 /* CFNetwork.framework */,
				44C04F321774535E005AA1D7 /* UIKit.framework */,
				44C04F341774535E005AA1D7 /* Foundation.framework */,
				44C04F361774535E005AA1D7 /* CoreGraphics.framework */,
				44C04F561774535F005AA1D7 /* SenTestingKit.framework */,
			);
			name = Frameworks;
			sourceTree = "<group>";
		};
		44C04F381774535E005AA1D7 /* SCQiushi */ = {
			isa = PBXGroup;
			children = (
				44B11EE61789924300C9F565 /* Global */,
				44C04F6E17745410005AA1D7 /* AppDelegate */,
				44C04F7217745430005AA1D7 /* Classes */,
				449D8D17177BCA5800D7CF78 /* Widget */,
				449E92CE177EBF5000D39119 /* NetAdapter */,
				449E93BE178166620099A91C /* Model */,
				44B11EE117898F2000C9F565 /* Utility */,
				449E9124177E70C900D39119 /* Vender */,
				44C04F8117745787005AA1D7 /* Resources */,
				44C04F391774535E005AA1D7 /* Supporting Files */,
			);
			path = SCQiushi;
			sourceTree = "<group>";
		};
		44C04F391774535E005AA1D7 /* Supporting Files */ = {
			isa = PBXGroup;
			children = (
				44C04F7617745455005AA1D7 /* SCQiushi-Info.plist */,
				44C04F7717745455005AA1D7 /* SCQiushi-Prefix.pch */,
				44C04F7B177454A0005AA1D7 /* InfoPlist.strings */,
				44C04F7917745471005AA1D7 /* main.m */,
				44C04F441774535E005AA1D7 /* Default.png */,
				44C04F461774535F005AA1D7 /* Default@2x.png */,
				44C04F481774535F005AA1D7 /* Default-568h@2x.png */,
			);
			name = "Supporting Files";
			sourceTree = "<group>";
		};
		44C04F5C1774535F005AA1D7 /* SCQiushiTests */ = {
			isa = PBXGroup;
			children = (
				44C04F621774535F005AA1D7 /* SCQiushiTests.h */,
				44C04F631774535F005AA1D7 /* SCQiushiTests.m */,
				44C04F5D1774535F005AA1D7 /* Supporting Files */,
			);
			path = SCQiushiTests;
			sourceTree = "<group>";
		};
		44C04F5D1774535F005AA1D7 /* Supporting Files */ = {
			isa = PBXGroup;
			children = (
				44C04F5E1774535F005AA1D7 /* SCQiushiTests-Info.plist */,
				44C04F5F1774535F005AA1D7 /* InfoPlist.strings */,
			);
			name = "Supporting Files";
			sourceTree = "<group>";
		};
		44C04F6D17745377005AA1D7 /* libs */ = {
			isa = PBXGroup;
			children = (
				449E92CC177EBBF300D39119 /* ASIHttpFrameWork.framework */,
				44C04F8F1774587E005AA1D7 /* libSCUtility.a */,
			);
			name = libs;
			sourceTree = "<group>";
		};
		44C04F6E17745410005AA1D7 /* AppDelegate */ = {
			isa = PBXGroup;
			children = (
				44C04F6F17745410005AA1D7 /* AppDelegate.h */,
				44C04F7017745410005AA1D7 /* AppDelegate.m */,
			);
			path = AppDelegate;
			sourceTree = "<group>";
		};
		44C04F7217745430005AA1D7 /* Classes */ = {
			isa = PBXGroup;
			children = (
				449D8D1F177BD58F00D7CF78 /* Base */,
				449D8D26177BD85B00D7CF78 /* Main */,
				449D8D34177BD91000D7CF78 /* Menu */,
				449DF9061786C76E00DD8690 /* Setting */,
				44C04F7317745430005AA1D7 /* ViewController.h */,
				44C04F7417745430005AA1D7 /* ViewController.m */,
				44C04F7E177454A6005AA1D7 /* ViewController.xib */,
			);
			path = Classes;
			sourceTree = "<group>";
		};
		44C04F8117745787005AA1D7 /* Resources */ = {
			isa = PBXGroup;
			children = (
				449D8D2A177BD8C400D7CF78 /* main */,
				449D8D2C177BD8C400D7CF78 /* menu */,
				44A062A017827BD200BD2251 /* others */,
			);
			path = Resources;
			sourceTree = "<group>";
		};
/* End PBXGroup section */

/* Begin PBXNativeTarget section */
		44C04F2E1774535E005AA1D7 /* SCQiushi */ = {
			isa = PBXNativeTarget;
			buildConfigurationList = 44C04F671774535F005AA1D7 /* Build configuration list for PBXNativeTarget "SCQiushi" */;
			buildPhases = (
				44C04F2B1774535E005AA1D7 /* Sources */,
				44C04F2C1774535E005AA1D7 /* Frameworks */,
				44C04F2D1774535E005AA1D7 /* Resources */,
			);
			buildRules = (
			);
			dependencies = (
			);
			name = SCQiushi;
			productName = SCQiushi;
			productReference = 44C04F2F1774535E005AA1D7 /* SCQiushi.app */;
			productType = "com.apple.product-type.application";
		};
		44C04F541774535F005AA1D7 /* SCQiushiTests */ = {
			isa = PBXNativeTarget;
			buildConfigurationList = 44C04F6A1774535F005AA1D7 /* Build configuration list for PBXNativeTarget "SCQiushiTests" */;
			buildPhases = (
				44C04F501774535F005AA1D7 /* Sources */,
				44C04F511774535F005AA1D7 /* Frameworks */,
				44C04F521774535F005AA1D7 /* Resources */,
				44C04F531774535F005AA1D7 /* ShellScript */,
			);
			buildRules = (
			);
			dependencies = (
				44C04F5B1774535F005AA1D7 /* PBXTargetDependency */,
			);
			name = SCQiushiTests;
			productName = SCQiushiTests;
			productReference = 44C04F551774535F005AA1D7 /* SCQiushiTests.octest */;
			productType = "com.apple.product-type.bundle";
		};
/* End PBXNativeTarget section */

/* Begin PBXProject section */
		44C04F271774535E005AA1D7 /* Project object */ = {
			isa = PBXProject;
			attributes = {
				LastUpgradeCheck = 0460;
				ORGANIZATIONNAME = Jarry;
			};
			buildConfigurationList = 44C04F2A1774535E005AA1D7 /* Build configuration list for PBXProject "SCQiushi" */;
			compatibilityVersion = "Xcode 3.2";
			developmentRegion = English;
			hasScannedForEncodings = 0;
			knownRegions = (
				en,
			);
			mainGroup = 44C04F261774535E005AA1D7;
			productRefGroup = 44C04F301774535E005AA1D7 /* Products */;
			projectDirPath = "";
			projectRoot = "";
			targets = (
				44C04F2E1774535E005AA1D7 /* SCQiushi */,
				44C04F541774535F005AA1D7 /* SCQiushiTests */,
			);
		};
/* End PBXProject section */

/* Begin PBXResourcesBuildPhase section */
		44C04F2D1774535E005AA1D7 /* Resources */ = {
			isa = PBXResourcesBuildPhase;
			buildActionMask = 2147483647;
			files = (
				44C04F451774535E005AA1D7 /* Default.png in Resources */,
				44C04F471774535F005AA1D7 /* Default@2x.png in Resources */,
				44C04F491774535F005AA1D7 /* Default-568h@2x.png in Resources */,
				44C04F7D177454A0005AA1D7 /* InfoPlist.strings in Resources */,
				44C04F80177454A6005AA1D7 /* ViewController.xib in Resources */,
				449D8D2F177BD8C400D7CF78 /* navigation_bg@2x.png in Resources */,
				449D8D31177BD8C400D7CF78 /* left_menu_seperator@2x.png in Resources */,
				449D8D33177BD8E100D7CF78 /* left_menu_bg@2x.png in Resources */,
				449D8D46177C01F800D7CF78 /* top_btn_back@2x.png in Resources */,
				449D8D48177C2CD600D7CF78 /* main_background@2x.png in Resources */,
				449D8D4A177C37D100D7CF78 /* top_btn_menu@2x.png in Resources */,
				449D8D4F177C433200D7CF78 /* left_menu_accessory@2x.png in Resources */,
				441F9021177D8CC200C66F97 /* left_menu_head_bg@2x.png in Resources */,
				441F9023177D8E9700C66F97 /* left_menu_cell_select@2x.png in Resources */,
				441F9026177D933300C66F97 /* left_menu_line1@2x.png in Resources */,
				441F9027177D933300C66F97 /* left_menu_line2@2x.png in Resources */,
				449E92DC177EE94300D39119 /* icon@2x.png in Resources */,
				449E92DE177EE97E00D39119 /* icon.png in Resources */,
				449E93E5178172120099A91C /* blueArrow.png in Resources */,
				449E93E6178172120099A91C /* blueArrow@2x.png in Resources */,
				44A062A217827BEB00BD2251 /* MLResource.bundle in Resources */,
				449C022A17830FA600B4CB9A /* default_icon@2x.jpg in Resources */,
				449C25271783B33A0097C28F /* SVProgressHUD.bundle in Resources */,
				449C25291783EDF20097C28F /* missing@2x.png in Resources */,
				44BC41A0178403C2004CF8A9 /* divider_line_bold@2x.png in Resources */,
				44BC41A1178403C2004CF8A9 /* divider_line@2x.png in Resources */,
				44BC41AA178412E2004CF8A9 /* default_content_image@2x.png in Resources */,
				44BC41AD17842803004CF8A9 /* icon_against@2x.png in Resources */,
				44BC41AE17842803004CF8A9 /* icon_like@2x.png in Resources */,
				44A4682D178501C500022568 /* icon_comment@2x.png in Resources */,
				44A46830178509C200022568 /* icon_fav_active@2x.png in Resources */,
				44A46831178509C200022568 /* icon_fav_enable@2x.png in Resources */,
				44A468361785200C00022568 /* MobiSageRecommendBundle.bundle in Resources */,
				449DF9001786B40700DD8690 /* DomobAdSDKBundle.bundle in Resources */,
				449DF90B1786C84600DD8690 /* top_btn_close@2x.png in Resources */,
			);
			runOnlyForDeploymentPostprocessing = 0;
		};
		44C04F521774535F005AA1D7 /* Resources */ = {
			isa = PBXResourcesBuildPhase;
			buildActionMask = 2147483647;
			files = (
				44C04F611774535F005AA1D7 /* InfoPlist.strings in Resources */,
				44C04F7817745455005AA1D7 /* SCQiushi-Info.plist in Resources */,
			);
			runOnlyForDeploymentPostprocessing = 0;
		};
/* End PBXResourcesBuildPhase section */

/* Begin PBXShellScriptBuildPhase section */
		44C04F531774535F005AA1D7 /* ShellScript */ = {
			isa = PBXShellScriptBuildPhase;
			buildActionMask = 2147483647;
			files = (
			);
			inputPaths = (
			);
			outputPaths = (
			);
			runOnlyForDeploymentPostprocessing = 0;
			shellPath = /bin/sh;
			shellScript = "# Run the unit tests in this test bundle.\n\"${SYSTEM_DEVELOPER_DIR}/Tools/RunUnitTests\"\n";
		};
/* End PBXShellScriptBuildPhase section */

/* Begin PBXSourcesBuildPhase section */
		44C04F2B1774535E005AA1D7 /* Sources */ = {
			isa = PBXSourcesBuildPhase;
			buildActionMask = 2147483647;
			files = (
				44C04F7117745410005AA1D7 /* AppDelegate.m in Sources */,
				44C04F7517745430005AA1D7 /* ViewController.m in Sources */,
				44C04F7A17745471005AA1D7 /* main.m in Sources */,
				449D8D24177BD58F00D7CF78 /* BaseTitleViewController.m in Sources */,
				449D8D25177BD58F00D7CF78 /* BaseViewController.m in Sources */,
				449D8D29177BD88600D7CF78 /* MainViewController.m in Sources */,
				449D8D37177BD92300D7CF78 /* LeftMenuViewController.m in Sources */,
				449D8D4D177C3F2400D7CF78 /* LeftMenuCell.m in Sources */,
				449E92D7177EBF5000D39119 /* NetASIAdapter.m in Sources */,
				449E92D8177EBF5000D39119 /* NetBaseAdapter.m in Sources */,
				449E92D9177EBF5000D39119 /* NetServiceFace.m in Sources */,
				449E92DA177EBF5000D39119 /* NetServiceManager.m in Sources */,
				449E8D0A177EC62C00CB3065 /* SCImageBrowserView.m in Sources */,
				449E8D10177EC63B00CB3065 /* JASidePanelController.m in Sources */,
				449E8D11177EC63B00CB3065 /* UIViewController+JASidePanel.m in Sources */,
				449E8D4F177EC71700CB3065 /* SDImageCache.m in Sources */,
				449E8D50177EC71700CB3065 /* SDWebImageDecoder.m in Sources */,
				449E8D51177EC71700CB3065 /* SDWebImageDownloader.m in Sources */,
				449E8D52177EC71700CB3065 /* SDWebImageManager.m in Sources */,
				449E8D53177EC71700CB3065 /* SDWebImagePrefetcher.m in Sources */,
				449E8D54177EC71700CB3065 /* UIButton+WebCache.m in Sources */,
				449E8D55177EC71700CB3065 /* UIImageView+WebCache.m in Sources */,
				449C022717812BDB00B4CB9A /* AdSageAdapterAdMob.m in Sources */,
				449E93C6178166620099A91C /* BaseItemData.m in Sources */,
				449E93C7178166620099A91C /* BaseResponse.m in Sources */,
				449E93CA178168700099A91C /* BaseListResponse.m in Sources */,
				449E93CD178168E90099A91C /* ListResponse.m in Sources */,
				449E93D3178169440099A91C /* QiushiItem.m in Sources */,
				449E93D61781715B0099A91C /* BaseTableView.m in Sources */,
				449E93D9178171CF0099A91C /* MainTableView.m in Sources */,
				449E93E7178172120099A91C /* SCEXTableView.m in Sources */,
				449E93E8178172120099A91C /* SCFullScreenScroll.m in Sources */,
				449E93E9178172120099A91C /* SCRefreshTableHeader.m in Sources */,
				449E93EA178172120099A91C /* SCScrollViewDecorate.m in Sources */,
				449E93ED178173F80099A91C /* MainTableCell.m in Sources */,
				44A0629F1782784B00BD2251 /* DetailViewController.m in Sources */,
				449C251C1783B1450097C28F /* AdSageAdapterAder.m in Sources */,
				44BC41A417840418004CF8A9 /* DetailTopView.m in Sources */,
				44BC41A8178411E6004CF8A9 /* ImageCountButton.m in Sources */,
				44A4683917854AE400022568 /* CommentTableView.m in Sources */,
				44A4683C17854B5500022568 /* CommentTableCell.m in Sources */,
				44A4683F178555AB00022568 /* CommentItem.m in Sources */,
				44A46842178557A600022568 /* CommentResponse.m in Sources */,
				449DF8DE17866E7400DD8690 /* BaseRequest.m in Sources */,
				449DF8E117866EFB00DD8690 /* PagingRequest.m in Sources */,
				449DF8E41786730A00DD8690 /* FavoriteViewController.m in Sources */,
				449DF8FF1786B40700DD8690 /* AdSageAdapterDoMob.m in Sources */,
				449DF9091786C78400DD8690 /* SettingViewController.m in Sources */,
				449DF90F1787AFAD00DD8690 /* MBSpinningCircle.m in Sources */,
				44B11EE517898F4000C9F565 /* DataTracker.m in Sources */,
			);
			runOnlyForDeploymentPostprocessing = 0;
		};
		44C04F501774535F005AA1D7 /* Sources */ = {
			isa = PBXSourcesBuildPhase;
			buildActionMask = 2147483647;
			files = (
				44C04F641774535F005AA1D7 /* SCQiushiTests.m in Sources */,
			);
			runOnlyForDeploymentPostprocessing = 0;
		};
/* End PBXSourcesBuildPhase section */

/* Begin PBXTargetDependency section */
		44C04F5B1774535F005AA1D7 /* PBXTargetDependency */ = {
			isa = PBXTargetDependency;
			target = 44C04F2E1774535E005AA1D7 /* SCQiushi */;
			targetProxy = 44C04F5A1774535F005AA1D7 /* PBXContainerItemProxy */;
		};
/* End PBXTargetDependency section */

/* Begin PBXVariantGroup section */
		44C04F5F1774535F005AA1D7 /* InfoPlist.strings */ = {
			isa = PBXVariantGroup;
			children = (
				44C04F601774535F005AA1D7 /* en */,
			);
			name = InfoPlist.strings;
			sourceTree = "<group>";
		};
		44C04F7B177454A0005AA1D7 /* InfoPlist.strings */ = {
			isa = PBXVariantGroup;
			children = (
				44C04F7C177454A0005AA1D7 /* en */,
			);
			name = InfoPlist.strings;
			sourceTree = "<group>";
		};
		44C04F7E177454A6005AA1D7 /* ViewController.xib */ = {
			isa = PBXVariantGroup;
			children = (
				44C04F7F177454A6005AA1D7 /* en */,
			);
			name = ViewController.xib;
			sourceTree = "<group>";
		};
/* End PBXVariantGroup section */

/* Begin XCBuildConfiguration section */
		44C04F651774535F005AA1D7 /* Debug */ = {
			isa = XCBuildConfiguration;
			buildSettings = {
				ALWAYS_SEARCH_USER_PATHS = NO;
				CLANG_CXX_LANGUAGE_STANDARD = "gnu++0x";
				CLANG_CXX_LIBRARY = "libc++";
				CLANG_ENABLE_OBJC_ARC = YES;
				CLANG_WARN_CONSTANT_CONVERSION = YES;
				CLANG_WARN_EMPTY_BODY = YES;
				CLANG_WARN_ENUM_CONVERSION = YES;
				CLANG_WARN_INT_CONVERSION = YES;
				CLANG_WARN__DUPLICATE_METHOD_MATCH = YES;
				"CODE_SIGN_IDENTITY[sdk=iphoneos*]" = "iPhone Developer";
				COPY_PHASE_STRIP = NO;
				GCC_C_LANGUAGE_STANDARD = gnu99;
				GCC_DYNAMIC_NO_PIC = NO;
				GCC_OPTIMIZATION_LEVEL = 0;
				GCC_PREPROCESSOR_DEFINITIONS = (
					"DEBUG=1",
					"$(inherited)",
				);
				GCC_SYMBOLS_PRIVATE_EXTERN = NO;
				GCC_WARN_ABOUT_RETURN_TYPE = YES;
				GCC_WARN_UNINITIALIZED_AUTOS = YES;
				GCC_WARN_UNUSED_VARIABLE = YES;
				IPHONEOS_DEPLOYMENT_TARGET = 6.1;
				ONLY_ACTIVE_ARCH = YES;
				SDKROOT = iphoneos;
			};
			name = Debug;
		};
		44C04F661774535F005AA1D7 /* Release */ = {
			isa = XCBuildConfiguration;
			buildSettings = {
				ALWAYS_SEARCH_USER_PATHS = NO;
				CLANG_CXX_LANGUAGE_STANDARD = "gnu++0x";
				CLANG_CXX_LIBRARY = "libc++";
				CLANG_ENABLE_OBJC_ARC = YES;
				CLANG_WARN_CONSTANT_CONVERSION = YES;
				CLANG_WARN_EMPTY_BODY = YES;
				CLANG_WARN_ENUM_CONVERSION = YES;
				CLANG_WARN_INT_CONVERSION = YES;
				CLANG_WARN__DUPLICATE_METHOD_MATCH = YES;
				"CODE_SIGN_IDENTITY[sdk=iphoneos*]" = "iPhone Developer";
				COPY_PHASE_STRIP = YES;
				GCC_C_LANGUAGE_STANDARD = gnu99;
				GCC_WARN_ABOUT_RETURN_TYPE = YES;
				GCC_WARN_UNINITIALIZED_AUTOS = YES;
				GCC_WARN_UNUSED_VARIABLE = YES;
				IPHONEOS_DEPLOYMENT_TARGET = 6.1;
				OTHER_CFLAGS = "-DNS_BLOCK_ASSERTIONS=1";
				SDKROOT = iphoneos;
				VALIDATE_PRODUCT = YES;
			};
			name = Release;
		};
		44C04F681774535F005AA1D7 /* Debug */ = {
			isa = XCBuildConfiguration;
			buildSettings = {
				FRAMEWORK_SEARCH_PATHS = (
					"$(inherited)",
					"\"$(SRCROOT)/../SCCommon/Vender\"",
				);
				GCC_PRECOMPILE_PREFIX_HEADER = YES;
				GCC_PREFIX_HEADER = "SCQiushi/Supporting/SCQiushi-Prefix.pch";
				HEADER_SEARCH_PATHS = "../SCUtility/**";
				INFOPLIST_FILE = "SCQiushi/Supporting/SCQiushi-Info.plist";
				IPHONEOS_DEPLOYMENT_TARGET = 5.0;
				LIBRARY_SEARCH_PATHS = (
					"$(inherited)",
					"\"$(SRCROOT)/../SCCommon/Vender/MobiSage/lite\"",
					"\"$(SRCROOT)/../SCCommon/Vender/MobiSage/lite/Adapter File/AdMob\"",
					"\"$(SRCROOT)/../SCCommon/Vender/MobiSage/lite/Adapter File/Ader\"",
					"\"$(SRCROOT)/../SCCommon/Vender/MobiSage/lite/Other File/Recommend\"",
					"\"$(SRCROOT)/../SCCommon/Vender/MobiSage/lite/Adapter File/Domob\"",
					"\"$(SRCROOT)/../SCCommon/Vender/GoogleAnalytics\"",
				);
				OTHER_LDFLAGS = (
					"-ObjC",
					"-all_load",
				);
				PRODUCT_NAME = "$(TARGET_NAME)";
				VALID_ARCHS = armv7;
				WRAPPER_EXTENSION = app;
			};
			name = Debug;
		};
		44C04F691774535F005AA1D7 /* Release */ = {
			isa = XCBuildConfiguration;
			buildSettings = {
				CODE_SIGN_IDENTITY = "iPhone Distribution: HANGZHOU SUCANG TECHNOLOGY CO.,LTD (LHLYYKHQ2G)";
				"CODE_SIGN_IDENTITY[sdk=iphoneos*]" = "iPhone Distribution: HANGZHOU SUCANG TECHNOLOGY CO.,LTD (LHLYYKHQ2G)";
				FRAMEWORK_SEARCH_PATHS = (
					"$(inherited)",
					"\"$(SRCROOT)/../SCCommon/Vender\"",
				);
				GCC_PRECOMPILE_PREFIX_HEADER = YES;
				GCC_PREFIX_HEADER = "SCQiushi/Supporting/SCQiushi-Prefix.pch";
				HEADER_SEARCH_PATHS = "../SCUtility/**";
				INFOPLIST_FILE = "SCQiushi/Supporting/SCQiushi-Info.plist";
				IPHONEOS_DEPLOYMENT_TARGET = 5.0;
				LIBRARY_SEARCH_PATHS = (
					"$(inherited)",
					"\"$(SRCROOT)/../SCCommon/Vender/MobiSage/lite\"",
					"\"$(SRCROOT)/../SCCommon/Vender/MobiSage/lite/Adapter File/AdMob\"",
					"\"$(SRCROOT)/../SCCommon/Vender/MobiSage/lite/Adapter File/Ader\"",
					"\"$(SRCROOT)/../SCCommon/Vender/MobiSage/lite/Other File/Recommend\"",
					"\"$(SRCROOT)/../SCCommon/Vender/MobiSage/lite/Adapter File/Domob\"",
					"\"$(SRCROOT)/../SCCommon/Vender/GoogleAnalytics\"",
				);
				OTHER_LDFLAGS = (
					"-ObjC",
					"-all_load",
				);
				PRODUCT_NAME = "$(TARGET_NAME)";
				PROVISIONING_PROFILE = "23B6B1C9-14F7-4CD8-99D0-0592F047AE82";
				"PROVISIONING_PROFILE[sdk=iphoneos*]" = "23B6B1C9-14F7-4CD8-99D0-0592F047AE82";
				VALID_ARCHS = armv7;
				WRAPPER_EXTENSION = app;
			};
			name = Release;
		};
		44C04F6B1774535F005AA1D7 /* Debug */ = {
			isa = XCBuildConfiguration;
			buildSettings = {
				BUNDLE_LOADER = "$(BUILT_PRODUCTS_DIR)/SCQiushi.app/SCQiushi";
				FRAMEWORK_SEARCH_PATHS = (
					"\"$(SDKROOT)/Developer/Library/Frameworks\"",
					"\"$(DEVELOPER_LIBRARY_DIR)/Frameworks\"",
				);
				GCC_PRECOMPILE_PREFIX_HEADER = YES;
				GCC_PREFIX_HEADER = "SCQiushi/SCQiushi-Prefix.pch";
				INFOPLIST_FILE = "SCQiushiTests/SCQiushiTests-Info.plist";
				PRODUCT_NAME = "$(TARGET_NAME)";
				TEST_HOST = "$(BUNDLE_LOADER)";
				WRAPPER_EXTENSION = octest;
			};
			name = Debug;
		};
		44C04F6C1774535F005AA1D7 /* Release */ = {
			isa = XCBuildConfiguration;
			buildSettings = {
				BUNDLE_LOADER = "$(BUILT_PRODUCTS_DIR)/SCQiushi.app/SCQiushi";
				FRAMEWORK_SEARCH_PATHS = (
					"\"$(SDKROOT)/Developer/Library/Frameworks\"",
					"\"$(DEVELOPER_LIBRARY_DIR)/Frameworks\"",
				);
				GCC_PRECOMPILE_PREFIX_HEADER = YES;
				GCC_PREFIX_HEADER = "SCQiushi/SCQiushi-Prefix.pch";
				INFOPLIST_FILE = "SCQiushiTests/SCQiushiTests-Info.plist";
				PRODUCT_NAME = "$(TARGET_NAME)";
				TEST_HOST = "$(BUNDLE_LOADER)";
				WRAPPER_EXTENSION = octest;
			};
			name = Release;
		};
/* End XCBuildConfiguration section */

/* Begin XCConfigurationList section */
		44C04F2A1774535E005AA1D7 /* Build configuration list for PBXProject "SCQiushi" */ = {
			isa = XCConfigurationList;
			buildConfigurations = (
				44C04F651774535F005AA1D7 /* Debug */,
				44C04F661774535F005AA1D7 /* Release */,
			);
			defaultConfigurationIsVisible = 0;
			defaultConfigurationName = Release;
		};
		44C04F671774535F005AA1D7 /* Build configuration list for PBXNativeTarget "SCQiushi" */ = {
			isa = XCConfigurationList;
			buildConfigurations = (
				44C04F681774535F005AA1D7 /* Debug */,
				44C04F691774535F005AA1D7 /* Release */,
			);
			defaultConfigurationIsVisible = 0;
			defaultConfigurationName = Release;
		};
		44C04F6A1774535F005AA1D7 /* Build configuration list for PBXNativeTarget "SCQiushiTests" */ = {
			isa = XCConfigurationList;
			buildConfigurations = (
				44C04F6B1774535F005AA1D7 /* Debug */,
				44C04F6C1774535F005AA1D7 /* Release */,
			);
			defaultConfigurationIsVisible = 0;
			defaultConfigurationName = Release;
		};
/* End XCConfigurationList section */
	};
	rootObject = 44C04F271774535E005AA1D7 /* Project object */;
}
